// !$*UTF8*$!
{
	archiveVersion = 1;
	classes = {
	};
	objectVersion = 46;
	objects = {

/* Begin PBXBuildFile section */
		6CAA0A7E1D259E9C0014EF6B /* AppDelegate.swift in Sources */ = {isa = PBXBuildFile; fileRef = 6CAA0A7D1D259E9C0014EF6B /* AppDelegate.swift */; };
		6CAA0A801D259E9C0014EF6B /* ViewController.swift in Sources */ = {isa = PBXBuildFile; fileRef = 6CAA0A7F1D259E9C0014EF6B /* ViewController.swift */; };
		6CAA0A831D259E9C0014EF6B /* Main.storyboard in Resources */ = {isa = PBXBuildFile; fileRef = 6CAA0A811D259E9C0014EF6B /* Main.storyboard */; };
		6CAA0A851D259E9C0014EF6B /* Assets.xcassets in Resources */ = {isa = PBXBuildFile; fileRef = 6CAA0A841D259E9C0014EF6B /* Assets.xcassets */; };
		6CAA0A881D259E9C0014EF6B /* LaunchScreen.storyboard in Resources */ = {isa = PBXBuildFile; fileRef = 6CAA0A861D259E9C0014EF6B /* LaunchScreen.storyboard */; };
		6CAA0A901D259EB00014EF6B /* ControlTower.swift in Sources */ = {isa = PBXBuildFile; fileRef = 6CAA0A8F1D259EB00014EF6B /* ControlTower.swift */; };
/* End PBXBuildFile section */

/* Begin PBXFileReference section */
		6CAA0A7A1D259E9C0014EF6B /* protocals.app */ = {isa = PBXFileReference; explicitFileType = wrapper.application; includeInIndex = 0; path = protocals.app; sourceTree = BUILT_PRODUCTS_DIR; };
		6CAA0A7D1D259E9C0014EF6B /* AppDelegate.swift */ = {isa = PBXFileReference; lastKnownFileType = sourcecode.swift; path = AppDelegate.swift; sourceTree = "<group>"; };
		6CAA0A7F1D259E9C0014EF6B /* ViewController.swift */ = {isa = PBXFileReference; lastKnownFileType = sourcecode.swift; path = ViewController.swift; sourceTree = "<group>"; };
		6CAA0A821D259E9C0014EF6B /* Base */ = {isa = PBXFileReference; lastKnownFileType = file.storyboard; name = Base; path = Base.lproj/Main.storyboard; sourceTree = "<group>"; };
		6CAA0A841D259E9C0014EF6B /* Assets.xcassets */ = {isa = PBXFileReference; lastKnownFileType = folder.assetcatalog; path = Assets.xcassets; sourceTree = "<group>"; };
		6CAA0A871D259E9C0014EF6B /* Base */ = {isa = PBXFileReference; lastKnownFileType = file.storyboard; name = Base; path = Base.lproj/LaunchScreen.storyboard; sourceTree = "<group>"; };
		6CAA0A891D259E9C0014EF6B /* Info.plist */ = {isa = PBXFileReference; lastKnownFileType = text.plist.xml; path = Info.plist; sourceTree = "<group>"; };
		6CAA0A8F1D259EB00014EF6B /* ControlTower.swift */ = {isa = PBXFileReference; fileEncoding = 4; lastKnownFileType = sourcecode.swift; path = ControlTower.swift; sourceTree = "<group>"; };
/* End PBXFileReference section */

/* Begin PBXFrameworksBuildPhase section */
		6CAA0A771D259E9C0014EF6B /* Frameworks */ = {
			isa = PBXFrameworksBuildPhase;
			buildActionMask = 2147483647;
			files = (
			);
			runOnlyForDeploymentPostprocessing = 0;
		};
/* End PBXFrameworksBuildPhase section */

/* Begin PBXGroup section */
		6CAA0A711D259E9C0014EF6B = {
			isa = PBXGroup;
			children = (
				6CAA0A7C1D259E9C0014EF6B /* protocals */,
				6CAA0A7B1D259E9C0014EF6B /* Products */,
			);
			sourceTree = "<group>";
		};
		6CAA0A7B1D259E9C0014EF6B /* Products */ = {
			isa = PBXGroup;
			children = (
				6CAA0A7A1D259E9C0014EF6B /* protocals.app */,
			);
			name = Products;
			sourceTree = "<group>";
		};
		6CAA0A7C1D259E9C0014EF6B /* protocals */ = {
			isa = PBXGroup;
			children = (
				6CAA0A7D1D259E9C0014EF6B /* AppDelegate.swift */,
				6CAA0A7F1D259E9C0014EF6B /* ViewController.swift */,
				6CAA0A811D259E9C0014EF6B /* Main.storyboard */,
				6CAA0A841D259E9C0014EF6B /* Assets.xcassets */,
				6CAA0A861D259E9C0014EF6B /* LaunchScreen.storyboard */,
				6CAA0A891D259E9C0014EF6B /* Info.plist */,
				6CAA0A8F1D259EB00014EF6B /* ControlTower.swift */,
			);
			path = protocals;
			sourceTree = "<group>";
		};
/* End PBXGroup section */

/* Begin PBXNativeTarget section */
		6CAA0A791D259E9C0014EF6B /* protocals */ = {
			isa = PBXNativeTarget;
			buildConfigurationList = 6CAA0A8C1D259E9C0014EF6B /* Build configuration list for PBXNativeTarget "protocals" */;
			buildPhases = (
				6CAA0A761D259E9C0014EF6B /* Sources */,
				6CAA0A771D259E9C0014EF6B /* Frameworks */,
				6CAA0A781D259E9C0014EF6B /* Resources */,
			);
			buildRules = (
			);
			dependencies = (
			);
			name = protocals;
			productName = protocals;
			productReference = 6CAA0A7A1D259E9C0014EF6B /* protocals.app */;
			productType = "com.apple.product-type.application";
		};
/* End PBXNativeTarget section */

/* Begin PBXProject section */
		6CAA0A721D259E9C0014EF6B /* Project object */ = {
			isa = PBXProject;
			attributes = {
				LastSwiftUpdateCheck = 0800;
				LastUpgradeCheck = 0800;
				ORGANIZATIONNAME = "Gareth Fuller";
				TargetAttributes = {
					6CAA0A791D259E9C0014EF6B = {
						CreatedOnToolsVersion = 8.0;
						DevelopmentTeam = WMQYY9222D;
						DevelopmentTeamName = "G Fuller";
						ProvisioningStyle = Automatic;
					};
				};
			};
			buildConfigurationList = 6CAA0A751D259E9C0014EF6B /* Build configuration list for PBXProject "protocals" */;
			compatibilityVersion = "Xcode 3.2";
			developmentRegion = English;
			hasScannedForEncodings = 0;
			knownRegions = (
				en,
				Base,
			);
			mainGroup = 6CAA0A711D259E9C0014EF6B;
			productRefGroup = 6CAA0A7B1D259E9C0014EF6B /* Products */;
			projectDirPath = "";
			projectRoot = "";
			targets = (
				6CAA0A791D259E9C0014EF6B /* protocals */,
			);
		};
/* End PBXProject section */

/* Begin PBXResourcesBuildPhase section */
		6CAA0A781D259E9C0014EF6B /* Resources */ = {
			isa = PBXResourcesBuildPhase;
			buildActionMask = 2147483647;
			files = (
				6CAA0A881D259E9C0014EF6B /* LaunchScreen.storyboard in Resources */,
				6CAA0A851D259E9C0014EF6B /* Assets.xcassets in Resources */,
				6CAA0A831D259E9C0014EF6B /* Main.storyboard in Resources */,
			);
			runOnlyForDeploymentPostprocessing = 0;
		};
/* End PBXResourcesBuildPhase section */

/* Begin PBXSourcesBuildPhase section */
		6CAA0A761D259E9C0014EF6B /* Sources */ = {
			isa = PBXSourcesBuildPhase;
			buildActionMask = 2147483647;
			files = (
				6CAA0A901D259EB00014EF6B /* ControlTower.swift in Sources */,
				6CAA0A801D259E9C0014EF6B /* ViewController.swift in Sources */,
				6CAA0A7E1D259E9C0014EF6B /* AppDelegate.swift in Sources */,
			);
			runOnlyForDeploymentPostprocessing = 0;
		};
/* End PBXSourcesBuildPhase section */

/* Begin PBXVariantGroup section */
		6CAA0A811D259E9C0014EF6B /* Main.storyboard */ = {
			isa = PBXVariantGroup;
			children = (
				6CAA0A821D259E9C0014EF6B /* Base */,
			);
			name = Main.storyboard;
			sourceTree = "<group>";
		};
		6CAA0A861D259E9C0014EF6B /* LaunchScreen.storyboard */ = {
			isa = PBXVariantGroup;
			children = (
				6CAA0A871D259E9C0014EF6B /* Base */,
			);
			name = LaunchScreen.storyboard;
			sourceTree = "<group>";
		};
/* End PBXVariantGroup section */

/* Begin XCBuildConfiguration section */
		6CAA0A8A1D259E9C0014EF6B /* Debug */ = {
			isa = XCBuildConfiguration;
			buildSettings = {
				ALWAYS_SEARCH_USER_PATHS = NO;
				CLANG_ANALYZER_NONNULL = YES;
				CLANG_CXX_LANGUAGE_STANDARD = "gnu++0x";
				CLANG_CXX_LIBRARY = "libc++";
				CLANG_ENABLE_MODULES = YES;
				CLANG_ENABLE_OBJC_ARC = YES;
				CLANG_WARN_BOOL_CONVERSION = YES;
				CLANG_WARN_CONSTANT_CONVERSION = YES;
				CLANG_WARN_DIRECT_OBJC_ISA_USAGE = YES_ERROR;
				CLANG_WARN_DOCUMENTATION_COMMENTS = YES;
				CLANG_WARN_EMPTY_BODY = YES;
				CLANG_WARN_ENUM_CONVERSION = YES;
				CLANG_WARN_INT_CONVERSION = YES;
				CLANG_WARN_OBJC_ROOT_CLASS = YES_ERROR;
				CLANG_WARN_UNREACHABLE_CODE = YES;
				CLANG_WARN__DUPLICATE_METHOD_MATCH = YES;
				"CODE_SIGN_IDENTITY[sdk=iphoneos*]" = "iPhone Developer";
				COPY_PHASE_STRIP = NO;
				DEBUG_INFORMATION_FORMAT = dwarf;
				ENABLE_STRICT_OBJC_MSGSEND = YES;
				ENABLE_TESTABILITY = YES;
				GCC_C_LANGUAGE_STANDARD = gnu99;
				GCC_DYNAMIC_NO_PIC = NO;
				GCC_NO_COMMON_BLOCKS = YES;
				GCC_OPTIMIZATION_LEVEL = 0;
				GCC_PREPROCESSOR_DEFINITIONS = (
					"DEBUG=1",
					"$(inherited)",
				);
				GCC_WARN_64_TO_32_BIT_CONVERSION = YES;
				GCC_WARN_ABOUT_RETURN_TYPE = YES_ERROR;
				GCC_WARN_UNDECLARED_SELECTOR = YES;
				GCC_WARN_UNINITIALIZED_AUTOS = YES_AGGRESSIVE;
				GCC_WARN_UNUSED_FUNCTION = YES;
				GCC_WARN_UNUSED_VARIABLE = YES;
				IPHONEOS_DEPLOYMENT_TARGET = 10.0;
				MTL_ENABLE_DEBUG_INFO = YES;
				ONLY_ACTIVE_ARCH = YES;
				SDKROOT = iphoneos;
				SWIFT_ACTIVE_COMPILATION_CONDITIONS = DEBUG;
				SWIFT_OPTIMIZATION_LEVEL = "-Onone";
				TARGETED_DEVICE_FAMILY = "1,2";
			};
			name = Debug;
		};
		6CAA0A8B1D259E9C0014EF6B /* Release */ = {
			isa = XCBuildConfiguration;
			buildSettings = {
				ALWAYS_SEARCH_USER_PATHS = NO;
				CLANG_ANALYZER_NONNULL = YES;
				CLANG_CXX_LANGUAGE_STANDARD = "gnu++0x";
				CLANG_CXX_LIBRARY = "libc++";
				CLANG_ENABLE_MODULES = YES;
				CLANG_ENABLE_OBJC_ARC = YES;
				CLANG_WARN_BOOL_CONVERSION = YES;
				CLANG_WARN_CONSTANT_CONVERSION = YES;
				CLANG_WARN_DIRECT_OBJC_ISA_USAGE = YES_ERROR;
				CLANG_WARN_DOCUMENTATION_COMMENTS = YES;
				CLANG_WARN_EMPTY_BODY = YES;
				CLANG_WARN_ENUM_CONVERSION = YES;
				CLANG_WARN_INT_CONVERSION = YES;
				CLANG_WARN_OBJC_ROOT_CLASS = YES_ERROR;
				CLANG_WARN_UNREACHABLE_CODE = YES;
				CLANG_WARN__DUPLICATE_METHOD_MATCH = YES;
				"CODE_SIGN_IDENTITY[sdk=iphoneos*]" = "iPhone Developer";
				COPY_PHASE_STRIP = NO;
				DEBUG_INFORMATION_FORMAT = "dwarf-with-dsym";
				ENABLE_NS_ASSERTIONS = NO;
				ENABLE_STRICT_OBJC_MSGSEND = YES;
				GCC_C_LANGUAGE_STANDARD = gnu99;
				GCC_NO_COMMON_BLOCKS = YES;
				GCC_WARN_64_TO_32_BIT_CONVERSION = YES;
				GCC_WARN_ABOUT_RETURN_TYPE = YES_ERROR;
				GCC_WARN_UNDECLARED_SELECTOR = YES;
				GCC_WARN_UNINITIALIZED_AUTOS = YES_AGGRESSIVE;
				GCC_WARN_UNUSED_FUNCTION = YES;
				GCC_WARN_UNUSED_VARIABLE = YES;
				IPHONEOS_DEPLOYMENT_TARGET = 10.0;
				MTL_ENABLE_DEBUG_INFO = NO;
				SDKROOT = iphoneos;
				SWIFT_OPTIMIZATION_LEVEL = "-Owholemodule";
				TARGETED_DEVICE_FAMILY = "1,2";
				VALIDATE_PRODUCT = YES;
			};
			name = Release;
		};
		6CAA0A8D1D259E9C0014EF6B /* Debug */ = {
			isa = XCBuildConfiguration;
			buildSettings = {
				ASSETCATALOG_COMPILER_APPICON_NAME = AppIcon;
				INFOPLIST_FILE = protocals/Info.plist;
				LD_RUNPATH_SEARCH_PATHS = "$(inherited) @executable_path/Frameworks";
				PRODUCT_BUNDLE_IDENTIFIER = something.protocals;
				PRODUCT_NAME = "$(TARGET_NAME)";
				SWIFT_VERSION = 3.0;
			};
			name = Debug;
		};
		6CAA0A8E1D259E9C0014EF6B /* Release */ = {
			isa = XCBuildConfiguration;
			buildSettings = {
				ASSETCATALOG_COMPILER_APPICON_NAME = AppIcon;
				INFOPLIST_FILE = protocals/Info.plist;
				LD_RUNPATH_SEARCH_PATHS = "$(inherited) @executable_path/Frameworks";
				PRODUCT_BUNDLE_IDENTIFIER = something.protocals;
				PRODUCT_NAME = "$(TARGET_NAME)";
				SWIFT_VERSION = 3.0;
			};
			name = Release;
		};
/* End XCBuildConfiguration section */

/* Begin XCConfigurationList section */
		6CAA0A751D259E9C0014EF6B /* Build configuration list for PBXProject "protocals" */ = {
			isa = XCConfigurationList;
			buildConfigurations = (
				6CAA0A8A1D259E9C0014EF6B /* Debug */,
				6CAA0A8B1D259E9C0014EF6B /* Release */,
			);
			defaultConfigurationIsVisible = 0;
			defaultConfigurationName = Release;
		};
		6CAA0A8C1D259E9C0014EF6B /* Build configuration list for PBXNativeTarget "protocals" */ = {
			isa = XCConfigurationList;
			buildConfigurations = (
				6CAA0A8D1D259E9C0014EF6B /* Debug */,
				6CAA0A8E1D259E9C0014EF6B /* Release */,
			);
			defaultConfigurationIsVisible = 0;
		};
/* End XCConfigurationList section */
	};
	rootObject = 6CAA0A721D259E9C0014EF6B /* Project object */;
}
