// !$*UTF8*$!
{
	archiveVersion = 1;
	classes = {
	};
	objectVersion = 46;
	objects = {

/* Begin PBXBuildFile section */
		6C36EB571D4E98AC00E517C0 /* AppDelegate.swift in Sources */ = {isa = PBXBuildFile; fileRef = 6C36EB561D4E98AC00E517C0 /* AppDelegate.swift */; };
		6C36EB591D4E98AC00E517C0 /* ViewController.swift in Sources */ = {isa = PBXBuildFile; fileRef = 6C36EB581D4E98AC00E517C0 /* ViewController.swift */; };
		6C36EB5C1D4E98AC00E517C0 /* Main.storyboard in Resources */ = {isa = PBXBuildFile; fileRef = 6C36EB5A1D4E98AC00E517C0 /* Main.storyboard */; };
		6C36EB5E1D4E98AC00E517C0 /* Assets.xcassets in Resources */ = {isa = PBXBuildFile; fileRef = 6C36EB5D1D4E98AC00E517C0 /* Assets.xcassets */; };
		6C36EB611D4E98AC00E517C0 /* LaunchScreen.storyboard in Resources */ = {isa = PBXBuildFile; fileRef = 6C36EB5F1D4E98AC00E517C0 /* LaunchScreen.storyboard */; };
/* End PBXBuildFile section */

/* Begin PBXFileReference section */
		6C36EB531D4E98AC00E517C0 /* defaultModalViews.app */ = {isa = PBXFileReference; explicitFileType = wrapper.application; includeInIndex = 0; path = defaultModalViews.app; sourceTree = BUILT_PRODUCTS_DIR; };
		6C36EB561D4E98AC00E517C0 /* AppDelegate.swift */ = {isa = PBXFileReference; lastKnownFileType = sourcecode.swift; path = AppDelegate.swift; sourceTree = "<group>"; };
		6C36EB581D4E98AC00E517C0 /* ViewController.swift */ = {isa = PBXFileReference; lastKnownFileType = sourcecode.swift; path = ViewController.swift; sourceTree = "<group>"; };
		6C36EB5B1D4E98AC00E517C0 /* Base */ = {isa = PBXFileReference; lastKnownFileType = file.storyboard; name = Base; path = Base.lproj/Main.storyboard; sourceTree = "<group>"; };
		6C36EB5D1D4E98AC00E517C0 /* Assets.xcassets */ = {isa = PBXFileReference; lastKnownFileType = folder.assetcatalog; path = Assets.xcassets; sourceTree = "<group>"; };
		6C36EB601D4E98AC00E517C0 /* Base */ = {isa = PBXFileReference; lastKnownFileType = file.storyboard; name = Base; path = Base.lproj/LaunchScreen.storyboard; sourceTree = "<group>"; };
		6C36EB621D4E98AC00E517C0 /* Info.plist */ = {isa = PBXFileReference; lastKnownFileType = text.plist.xml; path = Info.plist; sourceTree = "<group>"; };
/* End PBXFileReference section */

/* Begin PBXFrameworksBuildPhase section */
		6C36EB501D4E98AC00E517C0 /* Frameworks */ = {
			isa = PBXFrameworksBuildPhase;
			buildActionMask = 2147483647;
			files = (
			);
			runOnlyForDeploymentPostprocessing = 0;
		};
/* End PBXFrameworksBuildPhase section */

/* Begin PBXGroup section */
		6C36EB4A1D4E98AC00E517C0 = {
			isa = PBXGroup;
			children = (
				6C36EB551D4E98AC00E517C0 /* defaultModalViews */,
				6C36EB541D4E98AC00E517C0 /* Products */,
			);
			sourceTree = "<group>";
		};
		6C36EB541D4E98AC00E517C0 /* Products */ = {
			isa = PBXGroup;
			children = (
				6C36EB531D4E98AC00E517C0 /* defaultModalViews.app */,
			);
			name = Products;
			sourceTree = "<group>";
		};
		6C36EB551D4E98AC00E517C0 /* defaultModalViews */ = {
			isa = PBXGroup;
			children = (
				6C36EB561D4E98AC00E517C0 /* AppDelegate.swift */,
				6C36EB581D4E98AC00E517C0 /* ViewController.swift */,
				6C36EB5A1D4E98AC00E517C0 /* Main.storyboard */,
				6C36EB5D1D4E98AC00E517C0 /* Assets.xcassets */,
				6C36EB5F1D4E98AC00E517C0 /* LaunchScreen.storyboard */,
				6C36EB621D4E98AC00E517C0 /* Info.plist */,
			);
			path = defaultModalViews;
			sourceTree = "<group>";
		};
/* End PBXGroup section */

/* Begin PBXNativeTarget section */
		6C36EB521D4E98AC00E517C0 /* defaultModalViews */ = {
			isa = PBXNativeTarget;
			buildConfigurationList = 6C36EB651D4E98AC00E517C0 /* Build configuration list for PBXNativeTarget "defaultModalViews" */;
			buildPhases = (
				6C36EB4F1D4E98AC00E517C0 /* Sources */,
				6C36EB501D4E98AC00E517C0 /* Frameworks */,
				6C36EB511D4E98AC00E517C0 /* Resources */,
			);
			buildRules = (
			);
			dependencies = (
			);
			name = defaultModalViews;
			productName = defaultModalViews;
			productReference = 6C36EB531D4E98AC00E517C0 /* defaultModalViews.app */;
			productType = "com.apple.product-type.application";
		};
/* End PBXNativeTarget section */

/* Begin PBXProject section */
		6C36EB4B1D4E98AC00E517C0 /* Project object */ = {
			isa = PBXProject;
			attributes = {
				LastSwiftUpdateCheck = 0730;
				LastUpgradeCheck = 0730;
				ORGANIZATIONNAME = "Gareth Fuller";
				TargetAttributes = {
					6C36EB521D4E98AC00E517C0 = {
						CreatedOnToolsVersion = 7.3.1;
					};
				};
			};
			buildConfigurationList = 6C36EB4E1D4E98AC00E517C0 /* Build configuration list for PBXProject "defaultModalViews" */;
			compatibilityVersion = "Xcode 3.2";
			developmentRegion = English;
			hasScannedForEncodings = 0;
			knownRegions = (
				en,
				Base,
			);
			mainGroup = 6C36EB4A1D4E98AC00E517C0;
			productRefGroup = 6C36EB541D4E98AC00E517C0 /* Products */;
			projectDirPath = "";
			projectRoot = "";
			targets = (
				6C36EB521D4E98AC00E517C0 /* defaultModalViews */,
			);
		};
/* End PBXProject section */

/* Begin PBXResourcesBuildPhase section */
		6C36EB511D4E98AC00E517C0 /* Resources */ = {
			isa = PBXResourcesBuildPhase;
			buildActionMask = 2147483647;
			files = (
				6C36EB611D4E98AC00E517C0 /* LaunchScreen.storyboard in Resources */,
				6C36EB5E1D4E98AC00E517C0 /* Assets.xcassets in Resources */,
				6C36EB5C1D4E98AC00E517C0 /* Main.storyboard in Resources */,
			);
			runOnlyForDeploymentPostprocessing = 0;
		};
/* End PBXResourcesBuildPhase section */

/* Begin PBXSourcesBuildPhase section */
		6C36EB4F1D4E98AC00E517C0 /* Sources */ = {
			isa = PBXSourcesBuildPhase;
			buildActionMask = 2147483647;
			files = (
				6C36EB591D4E98AC00E517C0 /* ViewController.swift in Sources */,
				6C36EB571D4E98AC00E517C0 /* AppDelegate.swift in Sources */,
			);
			runOnlyForDeploymentPostprocessing = 0;
		};
/* End PBXSourcesBuildPhase section */

/* Begin PBXVariantGroup section */
		6C36EB5A1D4E98AC00E517C0 /* Main.storyboard */ = {
			isa = PBXVariantGroup;
			children = (
				6C36EB5B1D4E98AC00E517C0 /* Base */,
			);
			name = Main.storyboard;
			sourceTree = "<group>";
		};
		6C36EB5F1D4E98AC00E517C0 /* LaunchScreen.storyboard */ = {
			isa = PBXVariantGroup;
			children = (
				6C36EB601D4E98AC00E517C0 /* Base */,
			);
			name = LaunchScreen.storyboard;
			sourceTree = "<group>";
		};
/* End PBXVariantGroup section */

/* Begin XCBuildConfiguration section */
		6C36EB631D4E98AC00E517C0 /* Debug */ = {
			isa = XCBuildConfiguration;
			buildSettings = {
				ALWAYS_SEARCH_USER_PATHS = NO;
				CLANG_ANALYZER_NONNULL = YES;
				CLANG_CXX_LANGUAGE_STANDARD = "gnu++0x";
				CLANG_CXX_LIBRARY = "libc++";
				CLANG_ENABLE_MODULES = YES;
				CLANG_ENABLE_OBJC_ARC = YES;
				CLANG_WARN_BOOL_CONVERSION = YES;
				CLANG_WARN_CONSTANT_CONVERSION = YES;
				CLANG_WARN_DIRECT_OBJC_ISA_USAGE = YES_ERROR;
				CLANG_WARN_EMPTY_BODY = YES;
				CLANG_WARN_ENUM_CONVERSION = YES;
				CLANG_WARN_INT_CONVERSION = YES;
				CLANG_WARN_OBJC_ROOT_CLASS = YES_ERROR;
				CLANG_WARN_UNREACHABLE_CODE = YES;
				CLANG_WARN__DUPLICATE_METHOD_MATCH = YES;
				"CODE_SIGN_IDENTITY[sdk=iphoneos*]" = "iPhone Developer";
				COPY_PHASE_STRIP = NO;
				DEBUG_INFORMATION_FORMAT = dwarf;
				ENABLE_STRICT_OBJC_MSGSEND = YES;
				ENABLE_TESTABILITY = YES;
				GCC_C_LANGUAGE_STANDARD = gnu99;
				GCC_DYNAMIC_NO_PIC = NO;
				GCC_NO_COMMON_BLOCKS = YES;
				GCC_OPTIMIZATION_LEVEL = 0;
				GCC_PREPROCESSOR_DEFINITIONS = (
					"DEBUG=1",
					"$(inherited)",
				);
				GCC_WARN_64_TO_32_BIT_CONVERSION = YES;
				GCC_WARN_ABOUT_RETURN_TYPE = YES_ERROR;
				GCC_WARN_UNDECLARED_SELECTOR = YES;
				GCC_WARN_UNINITIALIZED_AUTOS = YES_AGGRESSIVE;
				GCC_WARN_UNUSED_FUNCTION = YES;
				GCC_WARN_UNUSED_VARIABLE = YES;
				IPHONEOS_DEPLOYMENT_TARGET = 9.3;
				MTL_ENABLE_DEBUG_INFO = YES;
				ONLY_ACTIVE_ARCH = YES;
				SDKROOT = iphoneos;
				SWIFT_OPTIMIZATION_LEVEL = "-Onone";
				TARGETED_DEVICE_FAMILY = "1,2";
			};
			name = Debug;
		};
		6C36EB641D4E98AC00E517C0 /* Release */ = {
			isa = XCBuildConfiguration;
			buildSettings = {
				ALWAYS_SEARCH_USER_PATHS = NO;
				CLANG_ANALYZER_NONNULL = YES;
				CLANG_CXX_LANGUAGE_STANDARD = "gnu++0x";
				CLANG_CXX_LIBRARY = "libc++";
				CLANG_ENABLE_MODULES = YES;
				CLANG_ENABLE_OBJC_ARC = YES;
				CLANG_WARN_BOOL_CONVERSION = YES;
				CLANG_WARN_CONSTANT_CONVERSION = YES;
				CLANG_WARN_DIRECT_OBJC_ISA_USAGE = YES_ERROR;
				CLANG_WARN_EMPTY_BODY = YES;
				CLANG_WARN_ENUM_CONVERSION = YES;
				CLANG_WARN_INT_CONVERSION = YES;
				CLANG_WARN_OBJC_ROOT_CLASS = YES_ERROR;
				CLANG_WARN_UNREACHABLE_CODE = YES;
				CLANG_WARN__DUPLICATE_METHOD_MATCH = YES;
				"CODE_SIGN_IDENTITY[sdk=iphoneos*]" = "iPhone Developer";
				COPY_PHASE_STRIP = NO;
				DEBUG_INFORMATION_FORMAT = "dwarf-with-dsym";
				ENABLE_NS_ASSERTIONS = NO;
				ENABLE_STRICT_OBJC_MSGSEND = YES;
				GCC_C_LANGUAGE_STANDARD = gnu99;
				GCC_NO_COMMON_BLOCKS = YES;
				GCC_WARN_64_TO_32_BIT_CONVERSION = YES;
				GCC_WARN_ABOUT_RETURN_TYPE = YES_ERROR;
				GCC_WARN_UNDECLARED_SELECTOR = YES;
				GCC_WARN_UNINITIALIZED_AUTOS = YES_AGGRESSIVE;
				GCC_WARN_UNUSED_FUNCTION = YES;
				GCC_WARN_UNUSED_VARIABLE = YES;
				IPHONEOS_DEPLOYMENT_TARGET = 9.3;
				MTL_ENABLE_DEBUG_INFO = NO;
				SDKROOT = iphoneos;
				TARGETED_DEVICE_FAMILY = "1,2";
				VALIDATE_PRODUCT = YES;
			};
			name = Release;
		};
		6C36EB661D4E98AC00E517C0 /* Debug */ = {
			isa = XCBuildConfiguration;
			buildSettings = {
				ASSETCATALOG_COMPILER_APPICON_NAME = AppIcon;
				INFOPLIST_FILE = defaultModalViews/Info.plist;
				LD_RUNPATH_SEARCH_PATHS = "$(inherited) @executable_path/Frameworks";
				PRODUCT_BUNDLE_IDENTIFIER = gareth.defaultModalViews;
				PRODUCT_NAME = "$(TARGET_NAME)";
			};
			name = Debug;
		};
		6C36EB671D4E98AC00E517C0 /* Release */ = {
			isa = XCBuildConfiguration;
			buildSettings = {
				ASSETCATALOG_COMPILER_APPICON_NAME = AppIcon;
				INFOPLIST_FILE = defaultModalViews/Info.plist;
				LD_RUNPATH_SEARCH_PATHS = "$(inherited) @executable_path/Frameworks";
				PRODUCT_BUNDLE_IDENTIFIER = gareth.defaultModalViews;
				PRODUCT_NAME = "$(TARGET_NAME)";
			};
			name = Release;
		};
/* End XCBuildConfiguration section */

/* Begin XCConfigurationList section */
		6C36EB4E1D4E98AC00E517C0 /* Build configuration list for PBXProject "defaultModalViews" */ = {
			isa = XCConfigurationList;
			buildConfigurations = (
				6C36EB631D4E98AC00E517C0 /* Debug */,
				6C36EB641D4E98AC00E517C0 /* Release */,
			);
			defaultConfigurationIsVisible = 0;
			defaultConfigurationName = Release;
		};
		6C36EB651D4E98AC00E517C0 /* Build configuration list for PBXNativeTarget "defaultModalViews" */ = {
			isa = XCConfigurationList;
			buildConfigurations = (
				6C36EB661D4E98AC00E517C0 /* Debug */,
				6C36EB671D4E98AC00E517C0 /* Release */,
			);
			defaultConfigurationIsVisible = 0;
		};
/* End XCConfigurationList section */
	};
	rootObject = 6C36EB4B1D4E98AC00E517C0 /* Project object */;
}
