// !$*UTF8*$!
{
	archiveVersion = 1;
	classes = {
	};
	objectVersion = 46;
	objects = {

/* Begin PBXBuildFile section */
		6CACAEBE1D4FEA3F0035C040 /* AppDelegate.swift in Sources */ = {isa = PBXBuildFile; fileRef = 6CACAEBD1D4FEA3F0035C040 /* AppDelegate.swift */; };
		6CACAEC01D4FEA3F0035C040 /* ViewController.swift in Sources */ = {isa = PBXBuildFile; fileRef = 6CACAEBF1D4FEA3F0035C040 /* ViewController.swift */; };
		6CACAEC31D4FEA3F0035C040 /* Main.storyboard in Resources */ = {isa = PBXBuildFile; fileRef = 6CACAEC11D4FEA3F0035C040 /* Main.storyboard */; };
		6CACAEC51D4FEA3F0035C040 /* Assets.xcassets in Resources */ = {isa = PBXBuildFile; fileRef = 6CACAEC41D4FEA3F0035C040 /* Assets.xcassets */; };
		6CACAEC81D4FEA3F0035C040 /* LaunchScreen.storyboard in Resources */ = {isa = PBXBuildFile; fileRef = 6CACAEC61D4FEA3F0035C040 /* LaunchScreen.storyboard */; };
/* End PBXBuildFile section */

/* Begin PBXFileReference section */
		6CACAEBA1D4FEA3F0035C040 /* spr.app */ = {isa = PBXFileReference; explicitFileType = wrapper.application; includeInIndex = 0; path = spr.app; sourceTree = BUILT_PRODUCTS_DIR; };
		6CACAEBD1D4FEA3F0035C040 /* AppDelegate.swift */ = {isa = PBXFileReference; lastKnownFileType = sourcecode.swift; path = AppDelegate.swift; sourceTree = "<group>"; };
		6CACAEBF1D4FEA3F0035C040 /* ViewController.swift */ = {isa = PBXFileReference; lastKnownFileType = sourcecode.swift; path = ViewController.swift; sourceTree = "<group>"; };
		6CACAEC21D4FEA3F0035C040 /* Base */ = {isa = PBXFileReference; lastKnownFileType = file.storyboard; name = Base; path = Base.lproj/Main.storyboard; sourceTree = "<group>"; };
		6CACAEC41D4FEA3F0035C040 /* Assets.xcassets */ = {isa = PBXFileReference; lastKnownFileType = folder.assetcatalog; path = Assets.xcassets; sourceTree = "<group>"; };
		6CACAEC71D4FEA3F0035C040 /* Base */ = {isa = PBXFileReference; lastKnownFileType = file.storyboard; name = Base; path = Base.lproj/LaunchScreen.storyboard; sourceTree = "<group>"; };
		6CACAEC91D4FEA3F0035C040 /* Info.plist */ = {isa = PBXFileReference; lastKnownFileType = text.plist.xml; path = Info.plist; sourceTree = "<group>"; };
/* End PBXFileReference section */

/* Begin PBXFrameworksBuildPhase section */
		6CACAEB71D4FEA3F0035C040 /* Frameworks */ = {
			isa = PBXFrameworksBuildPhase;
			buildActionMask = 2147483647;
			files = (
			);
			runOnlyForDeploymentPostprocessing = 0;
		};
/* End PBXFrameworksBuildPhase section */

/* Begin PBXGroup section */
		6CACAEB11D4FEA3F0035C040 = {
			isa = PBXGroup;
			children = (
				6CACAEBC1D4FEA3F0035C040 /* spr */,
				6CACAEBB1D4FEA3F0035C040 /* Products */,
			);
			sourceTree = "<group>";
		};
		6CACAEBB1D4FEA3F0035C040 /* Products */ = {
			isa = PBXGroup;
			children = (
				6CACAEBA1D4FEA3F0035C040 /* spr.app */,
			);
			name = Products;
			sourceTree = "<group>";
		};
		6CACAEBC1D4FEA3F0035C040 /* spr */ = {
			isa = PBXGroup;
			children = (
				6CACAEBD1D4FEA3F0035C040 /* AppDelegate.swift */,
				6CACAEBF1D4FEA3F0035C040 /* ViewController.swift */,
				6CACAEC11D4FEA3F0035C040 /* Main.storyboard */,
				6CACAEC41D4FEA3F0035C040 /* Assets.xcassets */,
				6CACAEC61D4FEA3F0035C040 /* LaunchScreen.storyboard */,
				6CACAEC91D4FEA3F0035C040 /* Info.plist */,
			);
			path = spr;
			sourceTree = "<group>";
		};
/* End PBXGroup section */

/* Begin PBXNativeTarget section */
		6CACAEB91D4FEA3F0035C040 /* spr */ = {
			isa = PBXNativeTarget;
			buildConfigurationList = 6CACAECC1D4FEA3F0035C040 /* Build configuration list for PBXNativeTarget "spr" */;
			buildPhases = (
				6CACAEB61D4FEA3F0035C040 /* Sources */,
				6CACAEB71D4FEA3F0035C040 /* Frameworks */,
				6CACAEB81D4FEA3F0035C040 /* Resources */,
			);
			buildRules = (
			);
			dependencies = (
			);
			name = spr;
			productName = spr;
			productReference = 6CACAEBA1D4FEA3F0035C040 /* spr.app */;
			productType = "com.apple.product-type.application";
		};
/* End PBXNativeTarget section */

/* Begin PBXProject section */
		6CACAEB21D4FEA3F0035C040 /* Project object */ = {
			isa = PBXProject;
			attributes = {
				LastSwiftUpdateCheck = 0730;
				LastUpgradeCheck = 0730;
				ORGANIZATIONNAME = "Gareth Fuller";
				TargetAttributes = {
					6CACAEB91D4FEA3F0035C040 = {
						CreatedOnToolsVersion = 7.3.1;
					};
				};
			};
			buildConfigurationList = 6CACAEB51D4FEA3F0035C040 /* Build configuration list for PBXProject "spr" */;
			compatibilityVersion = "Xcode 3.2";
			developmentRegion = English;
			hasScannedForEncodings = 0;
			knownRegions = (
				en,
				Base,
			);
			mainGroup = 6CACAEB11D4FEA3F0035C040;
			productRefGroup = 6CACAEBB1D4FEA3F0035C040 /* Products */;
			projectDirPath = "";
			projectRoot = "";
			targets = (
				6CACAEB91D4FEA3F0035C040 /* spr */,
			);
		};
/* End PBXProject section */

/* Begin PBXResourcesBuildPhase section */
		6CACAEB81D4FEA3F0035C040 /* Resources */ = {
			isa = PBXResourcesBuildPhase;
			buildActionMask = 2147483647;
			files = (
				6CACAEC81D4FEA3F0035C040 /* LaunchScreen.storyboard in Resources */,
				6CACAEC51D4FEA3F0035C040 /* Assets.xcassets in Resources */,
				6CACAEC31D4FEA3F0035C040 /* Main.storyboard in Resources */,
			);
			runOnlyForDeploymentPostprocessing = 0;
		};
/* End PBXResourcesBuildPhase section */

/* Begin PBXSourcesBuildPhase section */
		6CACAEB61D4FEA3F0035C040 /* Sources */ = {
			isa = PBXSourcesBuildPhase;
			buildActionMask = 2147483647;
			files = (
				6CACAEC01D4FEA3F0035C040 /* ViewController.swift in Sources */,
				6CACAEBE1D4FEA3F0035C040 /* AppDelegate.swift in Sources */,
			);
			runOnlyForDeploymentPostprocessing = 0;
		};
/* End PBXSourcesBuildPhase section */

/* Begin PBXVariantGroup section */
		6CACAEC11D4FEA3F0035C040 /* Main.storyboard */ = {
			isa = PBXVariantGroup;
			children = (
				6CACAEC21D4FEA3F0035C040 /* Base */,
			);
			name = Main.storyboard;
			sourceTree = "<group>";
		};
		6CACAEC61D4FEA3F0035C040 /* LaunchScreen.storyboard */ = {
			isa = PBXVariantGroup;
			children = (
				6CACAEC71D4FEA3F0035C040 /* Base */,
			);
			name = LaunchScreen.storyboard;
			sourceTree = "<group>";
		};
/* End PBXVariantGroup section */

/* Begin XCBuildConfiguration section */
		6CACAECA1D4FEA3F0035C040 /* Debug */ = {
			isa = XCBuildConfiguration;
			buildSettings = {
				ALWAYS_SEARCH_USER_PATHS = NO;
				CLANG_ANALYZER_NONNULL = YES;
				CLANG_CXX_LANGUAGE_STANDARD = "gnu++0x";
				CLANG_CXX_LIBRARY = "libc++";
				CLANG_ENABLE_MODULES = YES;
				CLANG_ENABLE_OBJC_ARC = YES;
				CLANG_WARN_BOOL_CONVERSION = YES;
				CLANG_WARN_CONSTANT_CONVERSION = YES;
				CLANG_WARN_DIRECT_OBJC_ISA_USAGE = YES_ERROR;
				CLANG_WARN_EMPTY_BODY = YES;
				CLANG_WARN_ENUM_CONVERSION = YES;
				CLANG_WARN_INT_CONVERSION = YES;
				CLANG_WARN_OBJC_ROOT_CLASS = YES_ERROR;
				CLANG_WARN_UNREACHABLE_CODE = YES;
				CLANG_WARN__DUPLICATE_METHOD_MATCH = YES;
				"CODE_SIGN_IDENTITY[sdk=iphoneos*]" = "iPhone Developer";
				COPY_PHASE_STRIP = NO;
				DEBUG_INFORMATION_FORMAT = dwarf;
				ENABLE_STRICT_OBJC_MSGSEND = YES;
				ENABLE_TESTABILITY = YES;
				GCC_C_LANGUAGE_STANDARD = gnu99;
				GCC_DYNAMIC_NO_PIC = NO;
				GCC_NO_COMMON_BLOCKS = YES;
				GCC_OPTIMIZATION_LEVEL = 0;
				GCC_PREPROCESSOR_DEFINITIONS = (
					"DEBUG=1",
					"$(inherited)",
				);
				GCC_WARN_64_TO_32_BIT_CONVERSION = YES;
				GCC_WARN_ABOUT_RETURN_TYPE = YES_ERROR;
				GCC_WARN_UNDECLARED_SELECTOR = YES;
				GCC_WARN_UNINITIALIZED_AUTOS = YES_AGGRESSIVE;
				GCC_WARN_UNUSED_FUNCTION = YES;
				GCC_WARN_UNUSED_VARIABLE = YES;
				IPHONEOS_DEPLOYMENT_TARGET = 9.3;
				MTL_ENABLE_DEBUG_INFO = YES;
				ONLY_ACTIVE_ARCH = YES;
				SDKROOT = iphoneos;
				SWIFT_OPTIMIZATION_LEVEL = "-Onone";
				TARGETED_DEVICE_FAMILY = "1,2";
			};
			name = Debug;
		};
		6CACAECB1D4FEA3F0035C040 /* Release */ = {
			isa = XCBuildConfiguration;
			buildSettings = {
				ALWAYS_SEARCH_USER_PATHS = NO;
				CLANG_ANALYZER_NONNULL = YES;
				CLANG_CXX_LANGUAGE_STANDARD = "gnu++0x";
				CLANG_CXX_LIBRARY = "libc++";
				CLANG_ENABLE_MODULES = YES;
				CLANG_ENABLE_OBJC_ARC = YES;
				CLANG_WARN_BOOL_CONVERSION = YES;
				CLANG_WARN_CONSTANT_CONVERSION = YES;
				CLANG_WARN_DIRECT_OBJC_ISA_USAGE = YES_ERROR;
				CLANG_WARN_EMPTY_BODY = YES;
				CLANG_WARN_ENUM_CONVERSION = YES;
				CLANG_WARN_INT_CONVERSION = YES;
				CLANG_WARN_OBJC_ROOT_CLASS = YES_ERROR;
				CLANG_WARN_UNREACHABLE_CODE = YES;
				CLANG_WARN__DUPLICATE_METHOD_MATCH = YES;
				"CODE_SIGN_IDENTITY[sdk=iphoneos*]" = "iPhone Developer";
				COPY_PHASE_STRIP = NO;
				DEBUG_INFORMATION_FORMAT = "dwarf-with-dsym";
				ENABLE_NS_ASSERTIONS = NO;
				ENABLE_STRICT_OBJC_MSGSEND = YES;
				GCC_C_LANGUAGE_STANDARD = gnu99;
				GCC_NO_COMMON_BLOCKS = YES;
				GCC_WARN_64_TO_32_BIT_CONVERSION = YES;
				GCC_WARN_ABOUT_RETURN_TYPE = YES_ERROR;
				GCC_WARN_UNDECLARED_SELECTOR = YES;
				GCC_WARN_UNINITIALIZED_AUTOS = YES_AGGRESSIVE;
				GCC_WARN_UNUSED_FUNCTION = YES;
				GCC_WARN_UNUSED_VARIABLE = YES;
				IPHONEOS_DEPLOYMENT_TARGET = 9.3;
				MTL_ENABLE_DEBUG_INFO = NO;
				SDKROOT = iphoneos;
				TARGETED_DEVICE_FAMILY = "1,2";
				VALIDATE_PRODUCT = YES;
			};
			name = Release;
		};
		6CACAECD1D4FEA3F0035C040 /* Debug */ = {
			isa = XCBuildConfiguration;
			buildSettings = {
				ASSETCATALOG_COMPILER_APPICON_NAME = AppIcon;
				INFOPLIST_FILE = spr/Info.plist;
				LD_RUNPATH_SEARCH_PATHS = "$(inherited) @executable_path/Frameworks";
				PRODUCT_BUNDLE_IDENTIFIER = gareth.spr;
				PRODUCT_NAME = "$(TARGET_NAME)";
			};
			name = Debug;
		};
		6CACAECE1D4FEA3F0035C040 /* Release */ = {
			isa = XCBuildConfiguration;
			buildSettings = {
				ASSETCATALOG_COMPILER_APPICON_NAME = AppIcon;
				INFOPLIST_FILE = spr/Info.plist;
				LD_RUNPATH_SEARCH_PATHS = "$(inherited) @executable_path/Frameworks";
				PRODUCT_BUNDLE_IDENTIFIER = gareth.spr;
				PRODUCT_NAME = "$(TARGET_NAME)";
			};
			name = Release;
		};
/* End XCBuildConfiguration section */

/* Begin XCConfigurationList section */
		6CACAEB51D4FEA3F0035C040 /* Build configuration list for PBXProject "spr" */ = {
			isa = XCConfigurationList;
			buildConfigurations = (
				6CACAECA1D4FEA3F0035C040 /* Debug */,
				6CACAECB1D4FEA3F0035C040 /* Release */,
			);
			defaultConfigurationIsVisible = 0;
			defaultConfigurationName = Release;
		};
		6CACAECC1D4FEA3F0035C040 /* Build configuration list for PBXNativeTarget "spr" */ = {
			isa = XCConfigurationList;
			buildConfigurations = (
				6CACAECD1D4FEA3F0035C040 /* Debug */,
				6CACAECE1D4FEA3F0035C040 /* Release */,
			);
			defaultConfigurationIsVisible = 0;
		};
/* End XCConfigurationList section */
	};
	rootObject = 6CACAEB21D4FEA3F0035C040 /* Project object */;
}
