// !$*UTF8*$!
{
	archiveVersion = 1;
	classes = {
	};
	objectVersion = 46;
	objects = {

/* Begin PBXBuildFile section */
		7FCDEC1E1DA9449F0053F7E6 /* AppDelegate.swift in Sources */ = {isa = PBXBuildFile; fileRef = 7FCDEC1D1DA9449F0053F7E6 /* AppDelegate.swift */; };
		7FCDEC201DA9449F0053F7E6 /* ViewController.swift in Sources */ = {isa = PBXBuildFile; fileRef = 7FCDEC1F1DA9449F0053F7E6 /* ViewController.swift */; };
		7FCDEC231DA9449F0053F7E6 /* Main.storyboard in Resources */ = {isa = PBXBuildFile; fileRef = 7FCDEC211DA9449F0053F7E6 /* Main.storyboard */; };
		7FCDEC251DA9449F0053F7E6 /* Assets.xcassets in Resources */ = {isa = PBXBuildFile; fileRef = 7FCDEC241DA9449F0053F7E6 /* Assets.xcassets */; };
		7FCDEC281DA9449F0053F7E6 /* LaunchScreen.storyboard in Resources */ = {isa = PBXBuildFile; fileRef = 7FCDEC261DA9449F0053F7E6 /* LaunchScreen.storyboard */; };
		7FCDEC331DA9449F0053F7E6 /* MyPetPugTests.swift in Sources */ = {isa = PBXBuildFile; fileRef = 7FCDEC321DA9449F0053F7E6 /* MyPetPugTests.swift */; };
		7FCDEC3E1DA9449F0053F7E6 /* MyPetPugUITests.swift in Sources */ = {isa = PBXBuildFile; fileRef = 7FCDEC3D1DA9449F0053F7E6 /* MyPetPugUITests.swift */; };
/* End PBXBuildFile section */

/* Begin PBXContainerItemProxy section */
		7FCDEC2F1DA9449F0053F7E6 /* PBXContainerItemProxy */ = {
			isa = PBXContainerItemProxy;
			containerPortal = 7FCDEC121DA9449F0053F7E6 /* Project object */;
			proxyType = 1;
			remoteGlobalIDString = 7FCDEC191DA9449F0053F7E6;
			remoteInfo = MyPetPug;
		};
		7FCDEC3A1DA9449F0053F7E6 /* PBXContainerItemProxy */ = {
			isa = PBXContainerItemProxy;
			containerPortal = 7FCDEC121DA9449F0053F7E6 /* Project object */;
			proxyType = 1;
			remoteGlobalIDString = 7FCDEC191DA9449F0053F7E6;
			remoteInfo = MyPetPug;
		};
/* End PBXContainerItemProxy section */

/* Begin PBXFileReference section */
		7FCDEC1A1DA9449F0053F7E6 /* MyPetPug.app */ = {isa = PBXFileReference; explicitFileType = wrapper.application; includeInIndex = 0; path = MyPetPug.app; sourceTree = BUILT_PRODUCTS_DIR; };
		7FCDEC1D1DA9449F0053F7E6 /* AppDelegate.swift */ = {isa = PBXFileReference; lastKnownFileType = sourcecode.swift; path = AppDelegate.swift; sourceTree = "<group>"; };
		7FCDEC1F1DA9449F0053F7E6 /* ViewController.swift */ = {isa = PBXFileReference; lastKnownFileType = sourcecode.swift; path = ViewController.swift; sourceTree = "<group>"; };
		7FCDEC221DA9449F0053F7E6 /* Base */ = {isa = PBXFileReference; lastKnownFileType = file.storyboard; name = Base; path = Base.lproj/Main.storyboard; sourceTree = "<group>"; };
		7FCDEC241DA9449F0053F7E6 /* Assets.xcassets */ = {isa = PBXFileReference; lastKnownFileType = folder.assetcatalog; path = Assets.xcassets; sourceTree = "<group>"; };
		7FCDEC271DA9449F0053F7E6 /* Base */ = {isa = PBXFileReference; lastKnownFileType = file.storyboard; name = Base; path = Base.lproj/LaunchScreen.storyboard; sourceTree = "<group>"; };
		7FCDEC291DA9449F0053F7E6 /* Info.plist */ = {isa = PBXFileReference; lastKnownFileType = text.plist.xml; path = Info.plist; sourceTree = "<group>"; };
		7FCDEC2E1DA9449F0053F7E6 /* MyPetPugTests.xctest */ = {isa = PBXFileReference; explicitFileType = wrapper.cfbundle; includeInIndex = 0; path = MyPetPugTests.xctest; sourceTree = BUILT_PRODUCTS_DIR; };
		7FCDEC321DA9449F0053F7E6 /* MyPetPugTests.swift */ = {isa = PBXFileReference; lastKnownFileType = sourcecode.swift; path = MyPetPugTests.swift; sourceTree = "<group>"; };
		7FCDEC341DA9449F0053F7E6 /* Info.plist */ = {isa = PBXFileReference; lastKnownFileType = text.plist.xml; path = Info.plist; sourceTree = "<group>"; };
		7FCDEC391DA9449F0053F7E6 /* MyPetPugUITests.xctest */ = {isa = PBXFileReference; explicitFileType = wrapper.cfbundle; includeInIndex = 0; path = MyPetPugUITests.xctest; sourceTree = BUILT_PRODUCTS_DIR; };
		7FCDEC3D1DA9449F0053F7E6 /* MyPetPugUITests.swift */ = {isa = PBXFileReference; lastKnownFileType = sourcecode.swift; path = MyPetPugUITests.swift; sourceTree = "<group>"; };
		7FCDEC3F1DA9449F0053F7E6 /* Info.plist */ = {isa = PBXFileReference; lastKnownFileType = text.plist.xml; path = Info.plist; sourceTree = "<group>"; };
/* End PBXFileReference section */

/* Begin PBXFrameworksBuildPhase section */
		7FCDEC171DA9449F0053F7E6 /* Frameworks */ = {
			isa = PBXFrameworksBuildPhase;
			buildActionMask = 2147483647;
			files = (
			);
			runOnlyForDeploymentPostprocessing = 0;
		};
		7FCDEC2B1DA9449F0053F7E6 /* Frameworks */ = {
			isa = PBXFrameworksBuildPhase;
			buildActionMask = 2147483647;
			files = (
			);
			runOnlyForDeploymentPostprocessing = 0;
		};
		7FCDEC361DA9449F0053F7E6 /* Frameworks */ = {
			isa = PBXFrameworksBuildPhase;
			buildActionMask = 2147483647;
			files = (
			);
			runOnlyForDeploymentPostprocessing = 0;
		};
/* End PBXFrameworksBuildPhase section */

/* Begin PBXGroup section */
		7FCDEC111DA9449F0053F7E6 = {
			isa = PBXGroup;
			children = (
				7FCDEC1C1DA9449F0053F7E6 /* MyPetPug */,
				7FCDEC311DA9449F0053F7E6 /* MyPetPugTests */,
				7FCDEC3C1DA9449F0053F7E6 /* MyPetPugUITests */,
				7FCDEC1B1DA9449F0053F7E6 /* Products */,
			);
			sourceTree = "<group>";
		};
		7FCDEC1B1DA9449F0053F7E6 /* Products */ = {
			isa = PBXGroup;
			children = (
				7FCDEC1A1DA9449F0053F7E6 /* MyPetPug.app */,
				7FCDEC2E1DA9449F0053F7E6 /* MyPetPugTests.xctest */,
				7FCDEC391DA9449F0053F7E6 /* MyPetPugUITests.xctest */,
			);
			name = Products;
			sourceTree = "<group>";
		};
		7FCDEC1C1DA9449F0053F7E6 /* MyPetPug */ = {
			isa = PBXGroup;
			children = (
				7FCDEC1D1DA9449F0053F7E6 /* AppDelegate.swift */,
				7FCDEC1F1DA9449F0053F7E6 /* ViewController.swift */,
				7FCDEC211DA9449F0053F7E6 /* Main.storyboard */,
				7FCDEC241DA9449F0053F7E6 /* Assets.xcassets */,
				7FCDEC261DA9449F0053F7E6 /* LaunchScreen.storyboard */,
				7FCDEC291DA9449F0053F7E6 /* Info.plist */,
			);
			path = MyPetPug;
			sourceTree = "<group>";
		};
		7FCDEC311DA9449F0053F7E6 /* MyPetPugTests */ = {
			isa = PBXGroup;
			children = (
				7FCDEC321DA9449F0053F7E6 /* MyPetPugTests.swift */,
				7FCDEC341DA9449F0053F7E6 /* Info.plist */,
			);
			path = MyPetPugTests;
			sourceTree = "<group>";
		};
		7FCDEC3C1DA9449F0053F7E6 /* MyPetPugUITests */ = {
			isa = PBXGroup;
			children = (
				7FCDEC3D1DA9449F0053F7E6 /* MyPetPugUITests.swift */,
				7FCDEC3F1DA9449F0053F7E6 /* Info.plist */,
			);
			path = MyPetPugUITests;
			sourceTree = "<group>";
		};
/* End PBXGroup section */

/* Begin PBXNativeTarget section */
		7FCDEC191DA9449F0053F7E6 /* MyPetPug */ = {
			isa = PBXNativeTarget;
			buildConfigurationList = 7FCDEC421DA9449F0053F7E6 /* Build configuration list for PBXNativeTarget "MyPetPug" */;
			buildPhases = (
				7FCDEC161DA9449F0053F7E6 /* Sources */,
				7FCDEC171DA9449F0053F7E6 /* Frameworks */,
				7FCDEC181DA9449F0053F7E6 /* Resources */,
			);
			buildRules = (
			);
			dependencies = (
			);
			name = MyPetPug;
			productName = MyPetPug;
			productReference = 7FCDEC1A1DA9449F0053F7E6 /* MyPetPug.app */;
			productType = "com.apple.product-type.application";
		};
		7FCDEC2D1DA9449F0053F7E6 /* MyPetPugTests */ = {
			isa = PBXNativeTarget;
			buildConfigurationList = 7FCDEC451DA9449F0053F7E6 /* Build configuration list for PBXNativeTarget "MyPetPugTests" */;
			buildPhases = (
				7FCDEC2A1DA9449F0053F7E6 /* Sources */,
				7FCDEC2B1DA9449F0053F7E6 /* Frameworks */,
				7FCDEC2C1DA9449F0053F7E6 /* Resources */,
			);
			buildRules = (
			);
			dependencies = (
				7FCDEC301DA9449F0053F7E6 /* PBXTargetDependency */,
			);
			name = MyPetPugTests;
			productName = MyPetPugTests;
			productReference = 7FCDEC2E1DA9449F0053F7E6 /* MyPetPugTests.xctest */;
			productType = "com.apple.product-type.bundle.unit-test";
		};
		7FCDEC381DA9449F0053F7E6 /* MyPetPugUITests */ = {
			isa = PBXNativeTarget;
			buildConfigurationList = 7FCDEC481DA9449F0053F7E6 /* Build configuration list for PBXNativeTarget "MyPetPugUITests" */;
			buildPhases = (
				7FCDEC351DA9449F0053F7E6 /* Sources */,
				7FCDEC361DA9449F0053F7E6 /* Frameworks */,
				7FCDEC371DA9449F0053F7E6 /* Resources */,
			);
			buildRules = (
			);
			dependencies = (
				7FCDEC3B1DA9449F0053F7E6 /* PBXTargetDependency */,
			);
			name = MyPetPugUITests;
			productName = MyPetPugUITests;
			productReference = 7FCDEC391DA9449F0053F7E6 /* MyPetPugUITests.xctest */;
			productType = "com.apple.product-type.bundle.ui-testing";
		};
/* End PBXNativeTarget section */

/* Begin PBXProject section */
		7FCDEC121DA9449F0053F7E6 /* Project object */ = {
			isa = PBXProject;
			attributes = {
				LastSwiftUpdateCheck = 0800;
				LastUpgradeCheck = 0800;
				ORGANIZATIONNAME = Gareth;
				TargetAttributes = {
					7FCDEC191DA9449F0053F7E6 = {
						CreatedOnToolsVersion = 8.0;
						ProvisioningStyle = Automatic;
					};
					7FCDEC2D1DA9449F0053F7E6 = {
						CreatedOnToolsVersion = 8.0;
						ProvisioningStyle = Automatic;
						TestTargetID = 7FCDEC191DA9449F0053F7E6;
					};
					7FCDEC381DA9449F0053F7E6 = {
						CreatedOnToolsVersion = 8.0;
						ProvisioningStyle = Automatic;
						TestTargetID = 7FCDEC191DA9449F0053F7E6;
					};
				};
			};
			buildConfigurationList = 7FCDEC151DA9449F0053F7E6 /* Build configuration list for PBXProject "MyPetPug" */;
			compatibilityVersion = "Xcode 3.2";
			developmentRegion = English;
			hasScannedForEncodings = 0;
			knownRegions = (
				en,
				Base,
			);
			mainGroup = 7FCDEC111DA9449F0053F7E6;
			productRefGroup = 7FCDEC1B1DA9449F0053F7E6 /* Products */;
			projectDirPath = "";
			projectRoot = "";
			targets = (
				7FCDEC191DA9449F0053F7E6 /* MyPetPug */,
				7FCDEC2D1DA9449F0053F7E6 /* MyPetPugTests */,
				7FCDEC381DA9449F0053F7E6 /* MyPetPugUITests */,
			);
		};
/* End PBXProject section */

/* Begin PBXResourcesBuildPhase section */
		7FCDEC181DA9449F0053F7E6 /* Resources */ = {
			isa = PBXResourcesBuildPhase;
			buildActionMask = 2147483647;
			files = (
				7FCDEC281DA9449F0053F7E6 /* LaunchScreen.storyboard in Resources */,
				7FCDEC251DA9449F0053F7E6 /* Assets.xcassets in Resources */,
				7FCDEC231DA9449F0053F7E6 /* Main.storyboard in Resources */,
			);
			runOnlyForDeploymentPostprocessing = 0;
		};
		7FCDEC2C1DA9449F0053F7E6 /* Resources */ = {
			isa = PBXResourcesBuildPhase;
			buildActionMask = 2147483647;
			files = (
			);
			runOnlyForDeploymentPostprocessing = 0;
		};
		7FCDEC371DA9449F0053F7E6 /* Resources */ = {
			isa = PBXResourcesBuildPhase;
			buildActionMask = 2147483647;
			files = (
			);
			runOnlyForDeploymentPostprocessing = 0;
		};
/* End PBXResourcesBuildPhase section */

/* Begin PBXSourcesBuildPhase section */
		7FCDEC161DA9449F0053F7E6 /* Sources */ = {
			isa = PBXSourcesBuildPhase;
			buildActionMask = 2147483647;
			files = (
				7FCDEC201DA9449F0053F7E6 /* ViewController.swift in Sources */,
				7FCDEC1E1DA9449F0053F7E6 /* AppDelegate.swift in Sources */,
			);
			runOnlyForDeploymentPostprocessing = 0;
		};
		7FCDEC2A1DA9449F0053F7E6 /* Sources */ = {
			isa = PBXSourcesBuildPhase;
			buildActionMask = 2147483647;
			files = (
				7FCDEC331DA9449F0053F7E6 /* MyPetPugTests.swift in Sources */,
			);
			runOnlyForDeploymentPostprocessing = 0;
		};
		7FCDEC351DA9449F0053F7E6 /* Sources */ = {
			isa = PBXSourcesBuildPhase;
			buildActionMask = 2147483647;
			files = (
				7FCDEC3E1DA9449F0053F7E6 /* MyPetPugUITests.swift in Sources */,
			);
			runOnlyForDeploymentPostprocessing = 0;
		};
/* End PBXSourcesBuildPhase section */

/* Begin PBXTargetDependency section */
		7FCDEC301DA9449F0053F7E6 /* PBXTargetDependency */ = {
			isa = PBXTargetDependency;
			target = 7FCDEC191DA9449F0053F7E6 /* MyPetPug */;
			targetProxy = 7FCDEC2F1DA9449F0053F7E6 /* PBXContainerItemProxy */;
		};
		7FCDEC3B1DA9449F0053F7E6 /* PBXTargetDependency */ = {
			isa = PBXTargetDependency;
			target = 7FCDEC191DA9449F0053F7E6 /* MyPetPug */;
			targetProxy = 7FCDEC3A1DA9449F0053F7E6 /* PBXContainerItemProxy */;
		};
/* End PBXTargetDependency section */

/* Begin PBXVariantGroup section */
		7FCDEC211DA9449F0053F7E6 /* Main.storyboard */ = {
			isa = PBXVariantGroup;
			children = (
				7FCDEC221DA9449F0053F7E6 /* Base */,
			);
			name = Main.storyboard;
			sourceTree = "<group>";
		};
		7FCDEC261DA9449F0053F7E6 /* LaunchScreen.storyboard */ = {
			isa = PBXVariantGroup;
			children = (
				7FCDEC271DA9449F0053F7E6 /* Base */,
			);
			name = LaunchScreen.storyboard;
			sourceTree = "<group>";
		};
/* End PBXVariantGroup section */

/* Begin XCBuildConfiguration section */
		7FCDEC401DA9449F0053F7E6 /* Debug */ = {
			isa = XCBuildConfiguration;
			buildSettings = {
				ALWAYS_SEARCH_USER_PATHS = NO;
				CLANG_ANALYZER_NONNULL = YES;
				CLANG_CXX_LANGUAGE_STANDARD = "gnu++0x";
				CLANG_CXX_LIBRARY = "libc++";
				CLANG_ENABLE_MODULES = YES;
				CLANG_ENABLE_OBJC_ARC = YES;
				CLANG_WARN_BOOL_CONVERSION = YES;
				CLANG_WARN_CONSTANT_CONVERSION = YES;
				CLANG_WARN_DIRECT_OBJC_ISA_USAGE = YES_ERROR;
				CLANG_WARN_DOCUMENTATION_COMMENTS = YES;
				CLANG_WARN_EMPTY_BODY = YES;
				CLANG_WARN_ENUM_CONVERSION = YES;
				CLANG_WARN_INFINITE_RECURSION = YES;
				CLANG_WARN_INT_CONVERSION = YES;
				CLANG_WARN_OBJC_ROOT_CLASS = YES_ERROR;
				CLANG_WARN_SUSPICIOUS_MOVES = YES;
				CLANG_WARN_UNREACHABLE_CODE = YES;
				CLANG_WARN__DUPLICATE_METHOD_MATCH = YES;
				"CODE_SIGN_IDENTITY[sdk=iphoneos*]" = "iPhone Developer";
				COPY_PHASE_STRIP = NO;
				DEBUG_INFORMATION_FORMAT = dwarf;
				ENABLE_STRICT_OBJC_MSGSEND = YES;
				ENABLE_TESTABILITY = YES;
				GCC_C_LANGUAGE_STANDARD = gnu99;
				GCC_DYNAMIC_NO_PIC = NO;
				GCC_NO_COMMON_BLOCKS = YES;
				GCC_OPTIMIZATION_LEVEL = 0;
				GCC_PREPROCESSOR_DEFINITIONS = (
					"DEBUG=1",
					"$(inherited)",
				);
				GCC_WARN_64_TO_32_BIT_CONVERSION = YES;
				GCC_WARN_ABOUT_RETURN_TYPE = YES_ERROR;
				GCC_WARN_UNDECLARED_SELECTOR = YES;
				GCC_WARN_UNINITIALIZED_AUTOS = YES_AGGRESSIVE;
				GCC_WARN_UNUSED_FUNCTION = YES;
				GCC_WARN_UNUSED_VARIABLE = YES;
				IPHONEOS_DEPLOYMENT_TARGET = 10.0;
				MTL_ENABLE_DEBUG_INFO = YES;
				ONLY_ACTIVE_ARCH = YES;
				SDKROOT = iphoneos;
				SWIFT_ACTIVE_COMPILATION_CONDITIONS = DEBUG;
				SWIFT_OPTIMIZATION_LEVEL = "-Onone";
				TARGETED_DEVICE_FAMILY = "1,2";
			};
			name = Debug;
		};
		7FCDEC411DA9449F0053F7E6 /* Release */ = {
			isa = XCBuildConfiguration;
			buildSettings = {
				ALWAYS_SEARCH_USER_PATHS = NO;
				CLANG_ANALYZER_NONNULL = YES;
				CLANG_CXX_LANGUAGE_STANDARD = "gnu++0x";
				CLANG_CXX_LIBRARY = "libc++";
				CLANG_ENABLE_MODULES = YES;
				CLANG_ENABLE_OBJC_ARC = YES;
				CLANG_WARN_BOOL_CONVERSION = YES;
				CLANG_WARN_CONSTANT_CONVERSION = YES;
				CLANG_WARN_DIRECT_OBJC_ISA_USAGE = YES_ERROR;
				CLANG_WARN_DOCUMENTATION_COMMENTS = YES;
				CLANG_WARN_EMPTY_BODY = YES;
				CLANG_WARN_ENUM_CONVERSION = YES;
				CLANG_WARN_INFINITE_RECURSION = YES;
				CLANG_WARN_INT_CONVERSION = YES;
				CLANG_WARN_OBJC_ROOT_CLASS = YES_ERROR;
				CLANG_WARN_SUSPICIOUS_MOVES = YES;
				CLANG_WARN_UNREACHABLE_CODE = YES;
				CLANG_WARN__DUPLICATE_METHOD_MATCH = YES;
				"CODE_SIGN_IDENTITY[sdk=iphoneos*]" = "iPhone Developer";
				COPY_PHASE_STRIP = NO;
				DEBUG_INFORMATION_FORMAT = "dwarf-with-dsym";
				ENABLE_NS_ASSERTIONS = NO;
				ENABLE_STRICT_OBJC_MSGSEND = YES;
				GCC_C_LANGUAGE_STANDARD = gnu99;
				GCC_NO_COMMON_BLOCKS = YES;
				GCC_WARN_64_TO_32_BIT_CONVERSION = YES;
				GCC_WARN_ABOUT_RETURN_TYPE = YES_ERROR;
				GCC_WARN_UNDECLARED_SELECTOR = YES;
				GCC_WARN_UNINITIALIZED_AUTOS = YES_AGGRESSIVE;
				GCC_WARN_UNUSED_FUNCTION = YES;
				GCC_WARN_UNUSED_VARIABLE = YES;
				IPHONEOS_DEPLOYMENT_TARGET = 10.0;
				MTL_ENABLE_DEBUG_INFO = NO;
				SDKROOT = iphoneos;
				SWIFT_OPTIMIZATION_LEVEL = "-Owholemodule";
				TARGETED_DEVICE_FAMILY = "1,2";
				VALIDATE_PRODUCT = YES;
			};
			name = Release;
		};
		7FCDEC431DA9449F0053F7E6 /* Debug */ = {
			isa = XCBuildConfiguration;
			buildSettings = {
				ASSETCATALOG_COMPILER_APPICON_NAME = AppIcon;
				INFOPLIST_FILE = MyPetPug/Info.plist;
				LD_RUNPATH_SEARCH_PATHS = "$(inherited) @executable_path/Frameworks";
				PRODUCT_BUNDLE_IDENTIFIER = gareth.fuller.MyPetPug;
				PRODUCT_NAME = "$(TARGET_NAME)";
				SWIFT_VERSION = 3.0;
			};
			name = Debug;
		};
		7FCDEC441DA9449F0053F7E6 /* Release */ = {
			isa = XCBuildConfiguration;
			buildSettings = {
				ASSETCATALOG_COMPILER_APPICON_NAME = AppIcon;
				INFOPLIST_FILE = MyPetPug/Info.plist;
				LD_RUNPATH_SEARCH_PATHS = "$(inherited) @executable_path/Frameworks";
				PRODUCT_BUNDLE_IDENTIFIER = gareth.fuller.MyPetPug;
				PRODUCT_NAME = "$(TARGET_NAME)";
				SWIFT_VERSION = 3.0;
			};
			name = Release;
		};
		7FCDEC461DA9449F0053F7E6 /* Debug */ = {
			isa = XCBuildConfiguration;
			buildSettings = {
				ALWAYS_EMBED_SWIFT_STANDARD_LIBRARIES = YES;
				BUNDLE_LOADER = "$(TEST_HOST)";
				INFOPLIST_FILE = MyPetPugTests/Info.plist;
				LD_RUNPATH_SEARCH_PATHS = "$(inherited) @executable_path/Frameworks @loader_path/Frameworks";
				PRODUCT_BUNDLE_IDENTIFIER = gareth.fuller.MyPetPugTests;
				PRODUCT_NAME = "$(TARGET_NAME)";
				SWIFT_VERSION = 3.0;
				TEST_HOST = "$(BUILT_PRODUCTS_DIR)/MyPetPug.app/MyPetPug";
			};
			name = Debug;
		};
		7FCDEC471DA9449F0053F7E6 /* Release */ = {
			isa = XCBuildConfiguration;
			buildSettings = {
				ALWAYS_EMBED_SWIFT_STANDARD_LIBRARIES = YES;
				BUNDLE_LOADER = "$(TEST_HOST)";
				INFOPLIST_FILE = MyPetPugTests/Info.plist;
				LD_RUNPATH_SEARCH_PATHS = "$(inherited) @executable_path/Frameworks @loader_path/Frameworks";
				PRODUCT_BUNDLE_IDENTIFIER = gareth.fuller.MyPetPugTests;
				PRODUCT_NAME = "$(TARGET_NAME)";
				SWIFT_VERSION = 3.0;
				TEST_HOST = "$(BUILT_PRODUCTS_DIR)/MyPetPug.app/MyPetPug";
			};
			name = Release;
		};
		7FCDEC491DA9449F0053F7E6 /* Debug */ = {
			isa = XCBuildConfiguration;
			buildSettings = {
				ALWAYS_EMBED_SWIFT_STANDARD_LIBRARIES = YES;
				INFOPLIST_FILE = MyPetPugUITests/Info.plist;
				LD_RUNPATH_SEARCH_PATHS = "$(inherited) @executable_path/Frameworks @loader_path/Frameworks";
				PRODUCT_BUNDLE_IDENTIFIER = gareth.fuller.MyPetPugUITests;
				PRODUCT_NAME = "$(TARGET_NAME)";
				SWIFT_VERSION = 3.0;
				TEST_TARGET_NAME = MyPetPug;
			};
			name = Debug;
		};
		7FCDEC4A1DA9449F0053F7E6 /* Release */ = {
			isa = XCBuildConfiguration;
			buildSettings = {
				ALWAYS_EMBED_SWIFT_STANDARD_LIBRARIES = YES;
				INFOPLIST_FILE = MyPetPugUITests/Info.plist;
				LD_RUNPATH_SEARCH_PATHS = "$(inherited) @executable_path/Frameworks @loader_path/Frameworks";
				PRODUCT_BUNDLE_IDENTIFIER = gareth.fuller.MyPetPugUITests;
				PRODUCT_NAME = "$(TARGET_NAME)";
				SWIFT_VERSION = 3.0;
				TEST_TARGET_NAME = MyPetPug;
			};
			name = Release;
		};
/* End XCBuildConfiguration section */

/* Begin XCConfigurationList section */
		7FCDEC151DA9449F0053F7E6 /* Build configuration list for PBXProject "MyPetPug" */ = {
			isa = XCConfigurationList;
			buildConfigurations = (
				7FCDEC401DA9449F0053F7E6 /* Debug */,
				7FCDEC411DA9449F0053F7E6 /* Release */,
			);
			defaultConfigurationIsVisible = 0;
			defaultConfigurationName = Release;
		};
		7FCDEC421DA9449F0053F7E6 /* Build configuration list for PBXNativeTarget "MyPetPug" */ = {
			isa = XCConfigurationList;
			buildConfigurations = (
				7FCDEC431DA9449F0053F7E6 /* Debug */,
				7FCDEC441DA9449F0053F7E6 /* Release */,
			);
			defaultConfigurationIsVisible = 0;
		};
		7FCDEC451DA9449F0053F7E6 /* Build configuration list for PBXNativeTarget "MyPetPugTests" */ = {
			isa = XCConfigurationList;
			buildConfigurations = (
				7FCDEC461DA9449F0053F7E6 /* Debug */,
				7FCDEC471DA9449F0053F7E6 /* Release */,
			);
			defaultConfigurationIsVisible = 0;
		};
		7FCDEC481DA9449F0053F7E6 /* Build configuration list for PBXNativeTarget "MyPetPugUITests" */ = {
			isa = XCConfigurationList;
			buildConfigurations = (
				7FCDEC491DA9449F0053F7E6 /* Debug */,
				7FCDEC4A1DA9449F0053F7E6 /* Release */,
			);
			defaultConfigurationIsVisible = 0;
		};
/* End XCConfigurationList section */
	};
	rootObject = 7FCDEC121DA9449F0053F7E6 /* Project object */;
}
