// !$*UTF8*$!
{
	archiveVersion = 1;
	classes = {
	};
	objectVersion = 46;
	objects = {

/* Begin PBXBuildFile section */
		6CE8E2131D16DDE800431D00 /* AppDelegate.swift in Sources */ = {isa = PBXBuildFile; fileRef = 6CE8E2121D16DDE800431D00 /* AppDelegate.swift */; };
		6CE8E2151D16DDE800431D00 /* ViewController.swift in Sources */ = {isa = PBXBuildFile; fileRef = 6CE8E2141D16DDE800431D00 /* ViewController.swift */; };
		6CE8E2181D16DDE800431D00 /* Main.storyboard in Resources */ = {isa = PBXBuildFile; fileRef = 6CE8E2161D16DDE800431D00 /* Main.storyboard */; };
		6CE8E21A1D16DDE800431D00 /* Assets.xcassets in Resources */ = {isa = PBXBuildFile; fileRef = 6CE8E2191D16DDE800431D00 /* Assets.xcassets */; };
		6CE8E21D1D16DDE800431D00 /* LaunchScreen.storyboard in Resources */ = {isa = PBXBuildFile; fileRef = 6CE8E21B1D16DDE800431D00 /* LaunchScreen.storyboard */; };
		6CE8E2281D16DDE800431D00 /* TipCalculatorTests.swift in Sources */ = {isa = PBXBuildFile; fileRef = 6CE8E2271D16DDE800431D00 /* TipCalculatorTests.swift */; };
		6CE8E2331D16DDE800431D00 /* TipCalculatorUITests.swift in Sources */ = {isa = PBXBuildFile; fileRef = 6CE8E2321D16DDE800431D00 /* TipCalculatorUITests.swift */; };
/* End PBXBuildFile section */

/* Begin PBXContainerItemProxy section */
		6CE8E2241D16DDE800431D00 /* PBXContainerItemProxy */ = {
			isa = PBXContainerItemProxy;
			containerPortal = 6CE8E2071D16DDE800431D00 /* Project object */;
			proxyType = 1;
			remoteGlobalIDString = 6CE8E20E1D16DDE800431D00;
			remoteInfo = TipCalculator;
		};
		6CE8E22F1D16DDE800431D00 /* PBXContainerItemProxy */ = {
			isa = PBXContainerItemProxy;
			containerPortal = 6CE8E2071D16DDE800431D00 /* Project object */;
			proxyType = 1;
			remoteGlobalIDString = 6CE8E20E1D16DDE800431D00;
			remoteInfo = TipCalculator;
		};
/* End PBXContainerItemProxy section */

/* Begin PBXFileReference section */
		6CE8E20F1D16DDE800431D00 /* TipCalculator.app */ = {isa = PBXFileReference; explicitFileType = wrapper.application; includeInIndex = 0; path = TipCalculator.app; sourceTree = BUILT_PRODUCTS_DIR; };
		6CE8E2121D16DDE800431D00 /* AppDelegate.swift */ = {isa = PBXFileReference; lastKnownFileType = sourcecode.swift; path = AppDelegate.swift; sourceTree = "<group>"; };
		6CE8E2141D16DDE800431D00 /* ViewController.swift */ = {isa = PBXFileReference; lastKnownFileType = sourcecode.swift; path = ViewController.swift; sourceTree = "<group>"; };
		6CE8E2171D16DDE800431D00 /* Base */ = {isa = PBXFileReference; lastKnownFileType = file.storyboard; name = Base; path = Base.lproj/Main.storyboard; sourceTree = "<group>"; };
		6CE8E2191D16DDE800431D00 /* Assets.xcassets */ = {isa = PBXFileReference; lastKnownFileType = folder.assetcatalog; path = Assets.xcassets; sourceTree = "<group>"; };
		6CE8E21C1D16DDE800431D00 /* Base */ = {isa = PBXFileReference; lastKnownFileType = file.storyboard; name = Base; path = Base.lproj/LaunchScreen.storyboard; sourceTree = "<group>"; };
		6CE8E21E1D16DDE800431D00 /* Info.plist */ = {isa = PBXFileReference; lastKnownFileType = text.plist.xml; path = Info.plist; sourceTree = "<group>"; };
		6CE8E2231D16DDE800431D00 /* TipCalculatorTests.xctest */ = {isa = PBXFileReference; explicitFileType = wrapper.cfbundle; includeInIndex = 0; path = TipCalculatorTests.xctest; sourceTree = BUILT_PRODUCTS_DIR; };
		6CE8E2271D16DDE800431D00 /* TipCalculatorTests.swift */ = {isa = PBXFileReference; lastKnownFileType = sourcecode.swift; path = TipCalculatorTests.swift; sourceTree = "<group>"; };
		6CE8E2291D16DDE800431D00 /* Info.plist */ = {isa = PBXFileReference; lastKnownFileType = text.plist.xml; path = Info.plist; sourceTree = "<group>"; };
		6CE8E22E1D16DDE800431D00 /* TipCalculatorUITests.xctest */ = {isa = PBXFileReference; explicitFileType = wrapper.cfbundle; includeInIndex = 0; path = TipCalculatorUITests.xctest; sourceTree = BUILT_PRODUCTS_DIR; };
		6CE8E2321D16DDE800431D00 /* TipCalculatorUITests.swift */ = {isa = PBXFileReference; lastKnownFileType = sourcecode.swift; path = TipCalculatorUITests.swift; sourceTree = "<group>"; };
		6CE8E2341D16DDE800431D00 /* Info.plist */ = {isa = PBXFileReference; lastKnownFileType = text.plist.xml; path = Info.plist; sourceTree = "<group>"; };
/* End PBXFileReference section */

/* Begin PBXFrameworksBuildPhase section */
		6CE8E20C1D16DDE800431D00 /* Frameworks */ = {
			isa = PBXFrameworksBuildPhase;
			buildActionMask = 2147483647;
			files = (
			);
			runOnlyForDeploymentPostprocessing = 0;
		};
		6CE8E2201D16DDE800431D00 /* Frameworks */ = {
			isa = PBXFrameworksBuildPhase;
			buildActionMask = 2147483647;
			files = (
			);
			runOnlyForDeploymentPostprocessing = 0;
		};
		6CE8E22B1D16DDE800431D00 /* Frameworks */ = {
			isa = PBXFrameworksBuildPhase;
			buildActionMask = 2147483647;
			files = (
			);
			runOnlyForDeploymentPostprocessing = 0;
		};
/* End PBXFrameworksBuildPhase section */

/* Begin PBXGroup section */
		6CE8E2061D16DDE800431D00 = {
			isa = PBXGroup;
			children = (
				6CE8E2111D16DDE800431D00 /* TipCalculator */,
				6CE8E2261D16DDE800431D00 /* TipCalculatorTests */,
				6CE8E2311D16DDE800431D00 /* TipCalculatorUITests */,
				6CE8E2101D16DDE800431D00 /* Products */,
			);
			sourceTree = "<group>";
		};
		6CE8E2101D16DDE800431D00 /* Products */ = {
			isa = PBXGroup;
			children = (
				6CE8E20F1D16DDE800431D00 /* TipCalculator.app */,
				6CE8E2231D16DDE800431D00 /* TipCalculatorTests.xctest */,
				6CE8E22E1D16DDE800431D00 /* TipCalculatorUITests.xctest */,
			);
			name = Products;
			sourceTree = "<group>";
		};
		6CE8E2111D16DDE800431D00 /* TipCalculator */ = {
			isa = PBXGroup;
			children = (
				6CE8E2121D16DDE800431D00 /* AppDelegate.swift */,
				6CE8E2141D16DDE800431D00 /* ViewController.swift */,
				6CE8E2161D16DDE800431D00 /* Main.storyboard */,
				6CE8E2191D16DDE800431D00 /* Assets.xcassets */,
				6CE8E21B1D16DDE800431D00 /* LaunchScreen.storyboard */,
				6CE8E21E1D16DDE800431D00 /* Info.plist */,
			);
			path = TipCalculator;
			sourceTree = "<group>";
		};
		6CE8E2261D16DDE800431D00 /* TipCalculatorTests */ = {
			isa = PBXGroup;
			children = (
				6CE8E2271D16DDE800431D00 /* TipCalculatorTests.swift */,
				6CE8E2291D16DDE800431D00 /* Info.plist */,
			);
			path = TipCalculatorTests;
			sourceTree = "<group>";
		};
		6CE8E2311D16DDE800431D00 /* TipCalculatorUITests */ = {
			isa = PBXGroup;
			children = (
				6CE8E2321D16DDE800431D00 /* TipCalculatorUITests.swift */,
				6CE8E2341D16DDE800431D00 /* Info.plist */,
			);
			path = TipCalculatorUITests;
			sourceTree = "<group>";
		};
/* End PBXGroup section */

/* Begin PBXNativeTarget section */
		6CE8E20E1D16DDE800431D00 /* TipCalculator */ = {
			isa = PBXNativeTarget;
			buildConfigurationList = 6CE8E2371D16DDE800431D00 /* Build configuration list for PBXNativeTarget "TipCalculator" */;
			buildPhases = (
				6CE8E20B1D16DDE800431D00 /* Sources */,
				6CE8E20C1D16DDE800431D00 /* Frameworks */,
				6CE8E20D1D16DDE800431D00 /* Resources */,
			);
			buildRules = (
			);
			dependencies = (
			);
			name = TipCalculator;
			productName = TipCalculator;
			productReference = 6CE8E20F1D16DDE800431D00 /* TipCalculator.app */;
			productType = "com.apple.product-type.application";
		};
		6CE8E2221D16DDE800431D00 /* TipCalculatorTests */ = {
			isa = PBXNativeTarget;
			buildConfigurationList = 6CE8E23A1D16DDE800431D00 /* Build configuration list for PBXNativeTarget "TipCalculatorTests" */;
			buildPhases = (
				6CE8E21F1D16DDE800431D00 /* Sources */,
				6CE8E2201D16DDE800431D00 /* Frameworks */,
				6CE8E2211D16DDE800431D00 /* Resources */,
			);
			buildRules = (
			);
			dependencies = (
				6CE8E2251D16DDE800431D00 /* PBXTargetDependency */,
			);
			name = TipCalculatorTests;
			productName = TipCalculatorTests;
			productReference = 6CE8E2231D16DDE800431D00 /* TipCalculatorTests.xctest */;
			productType = "com.apple.product-type.bundle.unit-test";
		};
		6CE8E22D1D16DDE800431D00 /* TipCalculatorUITests */ = {
			isa = PBXNativeTarget;
			buildConfigurationList = 6CE8E23D1D16DDE800431D00 /* Build configuration list for PBXNativeTarget "TipCalculatorUITests" */;
			buildPhases = (
				6CE8E22A1D16DDE800431D00 /* Sources */,
				6CE8E22B1D16DDE800431D00 /* Frameworks */,
				6CE8E22C1D16DDE800431D00 /* Resources */,
			);
			buildRules = (
			);
			dependencies = (
				6CE8E2301D16DDE800431D00 /* PBXTargetDependency */,
			);
			name = TipCalculatorUITests;
			productName = TipCalculatorUITests;
			productReference = 6CE8E22E1D16DDE800431D00 /* TipCalculatorUITests.xctest */;
			productType = "com.apple.product-type.bundle.ui-testing";
		};
/* End PBXNativeTarget section */

/* Begin PBXProject section */
		6CE8E2071D16DDE800431D00 /* Project object */ = {
			isa = PBXProject;
			attributes = {
				LastSwiftUpdateCheck = 0800;
				LastUpgradeCheck = 0800;
				ORGANIZATIONNAME = "Gareth Fuller";
				TargetAttributes = {
					6CE8E20E1D16DDE800431D00 = {
						CreatedOnToolsVersion = 8.0;
						DevelopmentTeam = WMQYY9222D;
						DevelopmentTeamName = "G Fuller";
						ProvisioningStyle = Automatic;
					};
					6CE8E2221D16DDE800431D00 = {
						CreatedOnToolsVersion = 8.0;
						DevelopmentTeam = WMQYY9222D;
						DevelopmentTeamName = "G Fuller";
						ProvisioningStyle = Automatic;
						TestTargetID = 6CE8E20E1D16DDE800431D00;
					};
					6CE8E22D1D16DDE800431D00 = {
						CreatedOnToolsVersion = 8.0;
						DevelopmentTeam = WMQYY9222D;
						DevelopmentTeamName = "G Fuller";
						ProvisioningStyle = Automatic;
						TestTargetID = 6CE8E20E1D16DDE800431D00;
					};
				};
			};
			buildConfigurationList = 6CE8E20A1D16DDE800431D00 /* Build configuration list for PBXProject "TipCalculator" */;
			compatibilityVersion = "Xcode 3.2";
			developmentRegion = English;
			hasScannedForEncodings = 0;
			knownRegions = (
				en,
				Base,
			);
			mainGroup = 6CE8E2061D16DDE800431D00;
			productRefGroup = 6CE8E2101D16DDE800431D00 /* Products */;
			projectDirPath = "";
			projectRoot = "";
			targets = (
				6CE8E20E1D16DDE800431D00 /* TipCalculator */,
				6CE8E2221D16DDE800431D00 /* TipCalculatorTests */,
				6CE8E22D1D16DDE800431D00 /* TipCalculatorUITests */,
			);
		};
/* End PBXProject section */

/* Begin PBXResourcesBuildPhase section */
		6CE8E20D1D16DDE800431D00 /* Resources */ = {
			isa = PBXResourcesBuildPhase;
			buildActionMask = 2147483647;
			files = (
				6CE8E21D1D16DDE800431D00 /* LaunchScreen.storyboard in Resources */,
				6CE8E21A1D16DDE800431D00 /* Assets.xcassets in Resources */,
				6CE8E2181D16DDE800431D00 /* Main.storyboard in Resources */,
			);
			runOnlyForDeploymentPostprocessing = 0;
		};
		6CE8E2211D16DDE800431D00 /* Resources */ = {
			isa = PBXResourcesBuildPhase;
			buildActionMask = 2147483647;
			files = (
			);
			runOnlyForDeploymentPostprocessing = 0;
		};
		6CE8E22C1D16DDE800431D00 /* Resources */ = {
			isa = PBXResourcesBuildPhase;
			buildActionMask = 2147483647;
			files = (
			);
			runOnlyForDeploymentPostprocessing = 0;
		};
/* End PBXResourcesBuildPhase section */

/* Begin PBXSourcesBuildPhase section */
		6CE8E20B1D16DDE800431D00 /* Sources */ = {
			isa = PBXSourcesBuildPhase;
			buildActionMask = 2147483647;
			files = (
				6CE8E2151D16DDE800431D00 /* ViewController.swift in Sources */,
				6CE8E2131D16DDE800431D00 /* AppDelegate.swift in Sources */,
			);
			runOnlyForDeploymentPostprocessing = 0;
		};
		6CE8E21F1D16DDE800431D00 /* Sources */ = {
			isa = PBXSourcesBuildPhase;
			buildActionMask = 2147483647;
			files = (
				6CE8E2281D16DDE800431D00 /* TipCalculatorTests.swift in Sources */,
			);
			runOnlyForDeploymentPostprocessing = 0;
		};
		6CE8E22A1D16DDE800431D00 /* Sources */ = {
			isa = PBXSourcesBuildPhase;
			buildActionMask = 2147483647;
			files = (
				6CE8E2331D16DDE800431D00 /* TipCalculatorUITests.swift in Sources */,
			);
			runOnlyForDeploymentPostprocessing = 0;
		};
/* End PBXSourcesBuildPhase section */

/* Begin PBXTargetDependency section */
		6CE8E2251D16DDE800431D00 /* PBXTargetDependency */ = {
			isa = PBXTargetDependency;
			target = 6CE8E20E1D16DDE800431D00 /* TipCalculator */;
			targetProxy = 6CE8E2241D16DDE800431D00 /* PBXContainerItemProxy */;
		};
		6CE8E2301D16DDE800431D00 /* PBXTargetDependency */ = {
			isa = PBXTargetDependency;
			target = 6CE8E20E1D16DDE800431D00 /* TipCalculator */;
			targetProxy = 6CE8E22F1D16DDE800431D00 /* PBXContainerItemProxy */;
		};
/* End PBXTargetDependency section */

/* Begin PBXVariantGroup section */
		6CE8E2161D16DDE800431D00 /* Main.storyboard */ = {
			isa = PBXVariantGroup;
			children = (
				6CE8E2171D16DDE800431D00 /* Base */,
			);
			name = Main.storyboard;
			sourceTree = "<group>";
		};
		6CE8E21B1D16DDE800431D00 /* LaunchScreen.storyboard */ = {
			isa = PBXVariantGroup;
			children = (
				6CE8E21C1D16DDE800431D00 /* Base */,
			);
			name = LaunchScreen.storyboard;
			sourceTree = "<group>";
		};
/* End PBXVariantGroup section */

/* Begin XCBuildConfiguration section */
		6CE8E2351D16DDE800431D00 /* Debug */ = {
			isa = XCBuildConfiguration;
			buildSettings = {
				ALWAYS_SEARCH_USER_PATHS = NO;
				CLANG_ANALYZER_NONNULL = YES;
				CLANG_CXX_LANGUAGE_STANDARD = "gnu++0x";
				CLANG_CXX_LIBRARY = "libc++";
				CLANG_ENABLE_MODULES = YES;
				CLANG_ENABLE_OBJC_ARC = YES;
				CLANG_WARN_BOOL_CONVERSION = YES;
				CLANG_WARN_CONSTANT_CONVERSION = YES;
				CLANG_WARN_DIRECT_OBJC_ISA_USAGE = YES_ERROR;
				CLANG_WARN_DOCUMENTATION_COMMENTS = YES;
				CLANG_WARN_EMPTY_BODY = YES;
				CLANG_WARN_ENUM_CONVERSION = YES;
				CLANG_WARN_INT_CONVERSION = YES;
				CLANG_WARN_OBJC_ROOT_CLASS = YES_ERROR;
				CLANG_WARN_UNREACHABLE_CODE = YES;
				CLANG_WARN__DUPLICATE_METHOD_MATCH = YES;
				"CODE_SIGN_IDENTITY[sdk=iphoneos*]" = "iPhone Developer";
				COPY_PHASE_STRIP = NO;
				DEBUG_INFORMATION_FORMAT = dwarf;
				ENABLE_STRICT_OBJC_MSGSEND = YES;
				ENABLE_TESTABILITY = YES;
				GCC_C_LANGUAGE_STANDARD = gnu99;
				GCC_DYNAMIC_NO_PIC = NO;
				GCC_NO_COMMON_BLOCKS = YES;
				GCC_OPTIMIZATION_LEVEL = 0;
				GCC_PREPROCESSOR_DEFINITIONS = (
					"DEBUG=1",
					"$(inherited)",
				);
				GCC_WARN_64_TO_32_BIT_CONVERSION = YES;
				GCC_WARN_ABOUT_RETURN_TYPE = YES_ERROR;
				GCC_WARN_UNDECLARED_SELECTOR = YES;
				GCC_WARN_UNINITIALIZED_AUTOS = YES_AGGRESSIVE;
				GCC_WARN_UNUSED_FUNCTION = YES;
				GCC_WARN_UNUSED_VARIABLE = YES;
				IPHONEOS_DEPLOYMENT_TARGET = 10.0;
				MTL_ENABLE_DEBUG_INFO = YES;
				ONLY_ACTIVE_ARCH = YES;
				SDKROOT = iphoneos;
				SWIFT_ACTIVE_COMPILATION_CONDITIONS = DEBUG;
				SWIFT_OPTIMIZATION_LEVEL = "-Onone";
				TARGETED_DEVICE_FAMILY = "1,2";
			};
			name = Debug;
		};
		6CE8E2361D16DDE800431D00 /* Release */ = {
			isa = XCBuildConfiguration;
			buildSettings = {
				ALWAYS_SEARCH_USER_PATHS = NO;
				CLANG_ANALYZER_NONNULL = YES;
				CLANG_CXX_LANGUAGE_STANDARD = "gnu++0x";
				CLANG_CXX_LIBRARY = "libc++";
				CLANG_ENABLE_MODULES = YES;
				CLANG_ENABLE_OBJC_ARC = YES;
				CLANG_WARN_BOOL_CONVERSION = YES;
				CLANG_WARN_CONSTANT_CONVERSION = YES;
				CLANG_WARN_DIRECT_OBJC_ISA_USAGE = YES_ERROR;
				CLANG_WARN_DOCUMENTATION_COMMENTS = YES;
				CLANG_WARN_EMPTY_BODY = YES;
				CLANG_WARN_ENUM_CONVERSION = YES;
				CLANG_WARN_INT_CONVERSION = YES;
				CLANG_WARN_OBJC_ROOT_CLASS = YES_ERROR;
				CLANG_WARN_UNREACHABLE_CODE = YES;
				CLANG_WARN__DUPLICATE_METHOD_MATCH = YES;
				"CODE_SIGN_IDENTITY[sdk=iphoneos*]" = "iPhone Developer";
				COPY_PHASE_STRIP = NO;
				DEBUG_INFORMATION_FORMAT = "dwarf-with-dsym";
				ENABLE_NS_ASSERTIONS = NO;
				ENABLE_STRICT_OBJC_MSGSEND = YES;
				GCC_C_LANGUAGE_STANDARD = gnu99;
				GCC_NO_COMMON_BLOCKS = YES;
				GCC_WARN_64_TO_32_BIT_CONVERSION = YES;
				GCC_WARN_ABOUT_RETURN_TYPE = YES_ERROR;
				GCC_WARN_UNDECLARED_SELECTOR = YES;
				GCC_WARN_UNINITIALIZED_AUTOS = YES_AGGRESSIVE;
				GCC_WARN_UNUSED_FUNCTION = YES;
				GCC_WARN_UNUSED_VARIABLE = YES;
				IPHONEOS_DEPLOYMENT_TARGET = 10.0;
				MTL_ENABLE_DEBUG_INFO = NO;
				SDKROOT = iphoneos;
				SWIFT_OPTIMIZATION_LEVEL = "-Owholemodule";
				TARGETED_DEVICE_FAMILY = "1,2";
				VALIDATE_PRODUCT = YES;
			};
			name = Release;
		};
		6CE8E2381D16DDE800431D00 /* Debug */ = {
			isa = XCBuildConfiguration;
			buildSettings = {
				ASSETCATALOG_COMPILER_APPICON_NAME = AppIcon;
				INFOPLIST_FILE = TipCalculator/Info.plist;
				LD_RUNPATH_SEARCH_PATHS = "$(inherited) @executable_path/Frameworks";
				PRODUCT_BUNDLE_IDENTIFIER = something.TipCalculator;
				PRODUCT_NAME = "$(TARGET_NAME)";
				SWIFT_VERSION = 3.0;
			};
			name = Debug;
		};
		6CE8E2391D16DDE800431D00 /* Release */ = {
			isa = XCBuildConfiguration;
			buildSettings = {
				ASSETCATALOG_COMPILER_APPICON_NAME = AppIcon;
				INFOPLIST_FILE = TipCalculator/Info.plist;
				LD_RUNPATH_SEARCH_PATHS = "$(inherited) @executable_path/Frameworks";
				PRODUCT_BUNDLE_IDENTIFIER = something.TipCalculator;
				PRODUCT_NAME = "$(TARGET_NAME)";
				SWIFT_VERSION = 3.0;
			};
			name = Release;
		};
		6CE8E23B1D16DDE800431D00 /* Debug */ = {
			isa = XCBuildConfiguration;
			buildSettings = {
				BUNDLE_LOADER = "$(TEST_HOST)";
				INFOPLIST_FILE = TipCalculatorTests/Info.plist;
				LD_RUNPATH_SEARCH_PATHS = "$(inherited) @executable_path/Frameworks @loader_path/Frameworks";
				PRODUCT_BUNDLE_IDENTIFIER = something.TipCalculatorTests;
				PRODUCT_NAME = "$(TARGET_NAME)";
				SWIFT_VERSION = 3.0;
				TEST_HOST = "$(BUILT_PRODUCTS_DIR)/TipCalculator.app/TipCalculator";
			};
			name = Debug;
		};
		6CE8E23C1D16DDE800431D00 /* Release */ = {
			isa = XCBuildConfiguration;
			buildSettings = {
				BUNDLE_LOADER = "$(TEST_HOST)";
				INFOPLIST_FILE = TipCalculatorTests/Info.plist;
				LD_RUNPATH_SEARCH_PATHS = "$(inherited) @executable_path/Frameworks @loader_path/Frameworks";
				PRODUCT_BUNDLE_IDENTIFIER = something.TipCalculatorTests;
				PRODUCT_NAME = "$(TARGET_NAME)";
				SWIFT_VERSION = 3.0;
				TEST_HOST = "$(BUILT_PRODUCTS_DIR)/TipCalculator.app/TipCalculator";
			};
			name = Release;
		};
		6CE8E23E1D16DDE800431D00 /* Debug */ = {
			isa = XCBuildConfiguration;
			buildSettings = {
				INFOPLIST_FILE = TipCalculatorUITests/Info.plist;
				LD_RUNPATH_SEARCH_PATHS = "$(inherited) @executable_path/Frameworks @loader_path/Frameworks";
				PRODUCT_BUNDLE_IDENTIFIER = something.TipCalculatorUITests;
				PRODUCT_NAME = "$(TARGET_NAME)";
				SWIFT_VERSION = 3.0;
				TEST_TARGET_NAME = TipCalculator;
			};
			name = Debug;
		};
		6CE8E23F1D16DDE800431D00 /* Release */ = {
			isa = XCBuildConfiguration;
			buildSettings = {
				INFOPLIST_FILE = TipCalculatorUITests/Info.plist;
				LD_RUNPATH_SEARCH_PATHS = "$(inherited) @executable_path/Frameworks @loader_path/Frameworks";
				PRODUCT_BUNDLE_IDENTIFIER = something.TipCalculatorUITests;
				PRODUCT_NAME = "$(TARGET_NAME)";
				SWIFT_VERSION = 3.0;
				TEST_TARGET_NAME = TipCalculator;
			};
			name = Release;
		};
/* End XCBuildConfiguration section */

/* Begin XCConfigurationList section */
		6CE8E20A1D16DDE800431D00 /* Build configuration list for PBXProject "TipCalculator" */ = {
			isa = XCConfigurationList;
			buildConfigurations = (
				6CE8E2351D16DDE800431D00 /* Debug */,
				6CE8E2361D16DDE800431D00 /* Release */,
			);
			defaultConfigurationIsVisible = 0;
			defaultConfigurationName = Release;
		};
		6CE8E2371D16DDE800431D00 /* Build configuration list for PBXNativeTarget "TipCalculator" */ = {
			isa = XCConfigurationList;
			buildConfigurations = (
				6CE8E2381D16DDE800431D00 /* Debug */,
				6CE8E2391D16DDE800431D00 /* Release */,
			);
			defaultConfigurationIsVisible = 0;
		};
		6CE8E23A1D16DDE800431D00 /* Build configuration list for PBXNativeTarget "TipCalculatorTests" */ = {
			isa = XCConfigurationList;
			buildConfigurations = (
				6CE8E23B1D16DDE800431D00 /* Debug */,
				6CE8E23C1D16DDE800431D00 /* Release */,
			);
			defaultConfigurationIsVisible = 0;
		};
		6CE8E23D1D16DDE800431D00 /* Build configuration list for PBXNativeTarget "TipCalculatorUITests" */ = {
			isa = XCConfigurationList;
			buildConfigurations = (
				6CE8E23E1D16DDE800431D00 /* Debug */,
				6CE8E23F1D16DDE800431D00 /* Release */,
			);
			defaultConfigurationIsVisible = 0;
		};
/* End XCConfigurationList section */
	};
	rootObject = 6CE8E2071D16DDE800431D00 /* Project object */;
}
