// !$*UTF8*$!
{
	archiveVersion = 1;
	classes = {
	};
	objectVersion = 46;
	objects = {

/* Begin PBXBuildFile section */
		6C2525981D63355100B87CD2 /* AppDelegate.swift in Sources */ = {isa = PBXBuildFile; fileRef = 6C2525971D63355100B87CD2 /* AppDelegate.swift */; };
		6C25259A1D63355100B87CD2 /* ViewController.swift in Sources */ = {isa = PBXBuildFile; fileRef = 6C2525991D63355100B87CD2 /* ViewController.swift */; };
		6C25259D1D63355100B87CD2 /* Main.storyboard in Resources */ = {isa = PBXBuildFile; fileRef = 6C25259B1D63355100B87CD2 /* Main.storyboard */; };
		6C25259F1D63355100B87CD2 /* Assets.xcassets in Resources */ = {isa = PBXBuildFile; fileRef = 6C25259E1D63355100B87CD2 /* Assets.xcassets */; };
		6C2525A21D63355100B87CD2 /* LaunchScreen.storyboard in Resources */ = {isa = PBXBuildFile; fileRef = 6C2525A01D63355100B87CD2 /* LaunchScreen.storyboard */; };
/* End PBXBuildFile section */

/* Begin PBXFileReference section */
		6C2525941D63355100B87CD2 /* THE BUG.app */ = {isa = PBXFileReference; explicitFileType = wrapper.application; includeInIndex = 0; path = "THE BUG.app"; sourceTree = BUILT_PRODUCTS_DIR; };
		6C2525971D63355100B87CD2 /* AppDelegate.swift */ = {isa = PBXFileReference; lastKnownFileType = sourcecode.swift; path = AppDelegate.swift; sourceTree = "<group>"; };
		6C2525991D63355100B87CD2 /* ViewController.swift */ = {isa = PBXFileReference; lastKnownFileType = sourcecode.swift; path = ViewController.swift; sourceTree = "<group>"; };
		6C25259C1D63355100B87CD2 /* Base */ = {isa = PBXFileReference; lastKnownFileType = file.storyboard; name = Base; path = Base.lproj/Main.storyboard; sourceTree = "<group>"; };
		6C25259E1D63355100B87CD2 /* Assets.xcassets */ = {isa = PBXFileReference; lastKnownFileType = folder.assetcatalog; path = Assets.xcassets; sourceTree = "<group>"; };
		6C2525A11D63355100B87CD2 /* Base */ = {isa = PBXFileReference; lastKnownFileType = file.storyboard; name = Base; path = Base.lproj/LaunchScreen.storyboard; sourceTree = "<group>"; };
		6C2525A31D63355100B87CD2 /* Info.plist */ = {isa = PBXFileReference; lastKnownFileType = text.plist.xml; path = Info.plist; sourceTree = "<group>"; };
/* End PBXFileReference section */

/* Begin PBXFrameworksBuildPhase section */
		6C2525911D63355100B87CD2 /* Frameworks */ = {
			isa = PBXFrameworksBuildPhase;
			buildActionMask = 2147483647;
			files = (
			);
			runOnlyForDeploymentPostprocessing = 0;
		};
/* End PBXFrameworksBuildPhase section */

/* Begin PBXGroup section */
		6C25258B1D63355100B87CD2 = {
			isa = PBXGroup;
			children = (
				6C2525961D63355100B87CD2 /* THE BUG */,
				6C2525951D63355100B87CD2 /* Products */,
			);
			sourceTree = "<group>";
		};
		6C2525951D63355100B87CD2 /* Products */ = {
			isa = PBXGroup;
			children = (
				6C2525941D63355100B87CD2 /* THE BUG.app */,
			);
			name = Products;
			sourceTree = "<group>";
		};
		6C2525961D63355100B87CD2 /* THE BUG */ = {
			isa = PBXGroup;
			children = (
				6C2525971D63355100B87CD2 /* AppDelegate.swift */,
				6C2525991D63355100B87CD2 /* ViewController.swift */,
				6C25259B1D63355100B87CD2 /* Main.storyboard */,
				6C25259E1D63355100B87CD2 /* Assets.xcassets */,
				6C2525A01D63355100B87CD2 /* LaunchScreen.storyboard */,
				6C2525A31D63355100B87CD2 /* Info.plist */,
			);
			path = "THE BUG";
			sourceTree = "<group>";
		};
/* End PBXGroup section */

/* Begin PBXNativeTarget section */
		6C2525931D63355100B87CD2 /* THE BUG */ = {
			isa = PBXNativeTarget;
			buildConfigurationList = 6C2525A61D63355100B87CD2 /* Build configuration list for PBXNativeTarget "THE BUG" */;
			buildPhases = (
				6C2525901D63355100B87CD2 /* Sources */,
				6C2525911D63355100B87CD2 /* Frameworks */,
				6C2525921D63355100B87CD2 /* Resources */,
			);
			buildRules = (
			);
			dependencies = (
			);
			name = "THE BUG";
			productName = "THE BUG";
			productReference = 6C2525941D63355100B87CD2 /* THE BUG.app */;
			productType = "com.apple.product-type.application";
		};
/* End PBXNativeTarget section */

/* Begin PBXProject section */
		6C25258C1D63355100B87CD2 /* Project object */ = {
			isa = PBXProject;
			attributes = {
				LastSwiftUpdateCheck = 0730;
				LastUpgradeCheck = 0730;
				ORGANIZATIONNAME = "Gareth Fuller";
				TargetAttributes = {
					6C2525931D63355100B87CD2 = {
						CreatedOnToolsVersion = 7.3.1;
					};
				};
			};
			buildConfigurationList = 6C25258F1D63355100B87CD2 /* Build configuration list for PBXProject "THE BUG" */;
			compatibilityVersion = "Xcode 3.2";
			developmentRegion = English;
			hasScannedForEncodings = 0;
			knownRegions = (
				en,
				Base,
			);
			mainGroup = 6C25258B1D63355100B87CD2;
			productRefGroup = 6C2525951D63355100B87CD2 /* Products */;
			projectDirPath = "";
			projectRoot = "";
			targets = (
				6C2525931D63355100B87CD2 /* THE BUG */,
			);
		};
/* End PBXProject section */

/* Begin PBXResourcesBuildPhase section */
		6C2525921D63355100B87CD2 /* Resources */ = {
			isa = PBXResourcesBuildPhase;
			buildActionMask = 2147483647;
			files = (
				6C2525A21D63355100B87CD2 /* LaunchScreen.storyboard in Resources */,
				6C25259F1D63355100B87CD2 /* Assets.xcassets in Resources */,
				6C25259D1D63355100B87CD2 /* Main.storyboard in Resources */,
			);
			runOnlyForDeploymentPostprocessing = 0;
		};
/* End PBXResourcesBuildPhase section */

/* Begin PBXSourcesBuildPhase section */
		6C2525901D63355100B87CD2 /* Sources */ = {
			isa = PBXSourcesBuildPhase;
			buildActionMask = 2147483647;
			files = (
				6C25259A1D63355100B87CD2 /* ViewController.swift in Sources */,
				6C2525981D63355100B87CD2 /* AppDelegate.swift in Sources */,
			);
			runOnlyForDeploymentPostprocessing = 0;
		};
/* End PBXSourcesBuildPhase section */

/* Begin PBXVariantGroup section */
		6C25259B1D63355100B87CD2 /* Main.storyboard */ = {
			isa = PBXVariantGroup;
			children = (
				6C25259C1D63355100B87CD2 /* Base */,
			);
			name = Main.storyboard;
			sourceTree = "<group>";
		};
		6C2525A01D63355100B87CD2 /* LaunchScreen.storyboard */ = {
			isa = PBXVariantGroup;
			children = (
				6C2525A11D63355100B87CD2 /* Base */,
			);
			name = LaunchScreen.storyboard;
			sourceTree = "<group>";
		};
/* End PBXVariantGroup section */

/* Begin XCBuildConfiguration section */
		6C2525A41D63355100B87CD2 /* Debug */ = {
			isa = XCBuildConfiguration;
			buildSettings = {
				ALWAYS_SEARCH_USER_PATHS = NO;
				CLANG_ANALYZER_NONNULL = YES;
				CLANG_CXX_LANGUAGE_STANDARD = "gnu++0x";
				CLANG_CXX_LIBRARY = "libc++";
				CLANG_ENABLE_MODULES = YES;
				CLANG_ENABLE_OBJC_ARC = YES;
				CLANG_WARN_BOOL_CONVERSION = YES;
				CLANG_WARN_CONSTANT_CONVERSION = YES;
				CLANG_WARN_DIRECT_OBJC_ISA_USAGE = YES_ERROR;
				CLANG_WARN_EMPTY_BODY = YES;
				CLANG_WARN_ENUM_CONVERSION = YES;
				CLANG_WARN_INT_CONVERSION = YES;
				CLANG_WARN_OBJC_ROOT_CLASS = YES_ERROR;
				CLANG_WARN_UNREACHABLE_CODE = YES;
				CLANG_WARN__DUPLICATE_METHOD_MATCH = YES;
				"CODE_SIGN_IDENTITY[sdk=iphoneos*]" = "iPhone Developer";
				COPY_PHASE_STRIP = NO;
				DEBUG_INFORMATION_FORMAT = dwarf;
				ENABLE_STRICT_OBJC_MSGSEND = YES;
				ENABLE_TESTABILITY = YES;
				GCC_C_LANGUAGE_STANDARD = gnu99;
				GCC_DYNAMIC_NO_PIC = NO;
				GCC_NO_COMMON_BLOCKS = YES;
				GCC_OPTIMIZATION_LEVEL = 0;
				GCC_PREPROCESSOR_DEFINITIONS = (
					"DEBUG=1",
					"$(inherited)",
				);
				GCC_WARN_64_TO_32_BIT_CONVERSION = YES;
				GCC_WARN_ABOUT_RETURN_TYPE = YES_ERROR;
				GCC_WARN_UNDECLARED_SELECTOR = YES;
				GCC_WARN_UNINITIALIZED_AUTOS = YES_AGGRESSIVE;
				GCC_WARN_UNUSED_FUNCTION = YES;
				GCC_WARN_UNUSED_VARIABLE = YES;
				IPHONEOS_DEPLOYMENT_TARGET = 9.3;
				MTL_ENABLE_DEBUG_INFO = YES;
				ONLY_ACTIVE_ARCH = YES;
				SDKROOT = iphoneos;
				SWIFT_OPTIMIZATION_LEVEL = "-Onone";
			};
			name = Debug;
		};
		6C2525A51D63355100B87CD2 /* Release */ = {
			isa = XCBuildConfiguration;
			buildSettings = {
				ALWAYS_SEARCH_USER_PATHS = NO;
				CLANG_ANALYZER_NONNULL = YES;
				CLANG_CXX_LANGUAGE_STANDARD = "gnu++0x";
				CLANG_CXX_LIBRARY = "libc++";
				CLANG_ENABLE_MODULES = YES;
				CLANG_ENABLE_OBJC_ARC = YES;
				CLANG_WARN_BOOL_CONVERSION = YES;
				CLANG_WARN_CONSTANT_CONVERSION = YES;
				CLANG_WARN_DIRECT_OBJC_ISA_USAGE = YES_ERROR;
				CLANG_WARN_EMPTY_BODY = YES;
				CLANG_WARN_ENUM_CONVERSION = YES;
				CLANG_WARN_INT_CONVERSION = YES;
				CLANG_WARN_OBJC_ROOT_CLASS = YES_ERROR;
				CLANG_WARN_UNREACHABLE_CODE = YES;
				CLANG_WARN__DUPLICATE_METHOD_MATCH = YES;
				"CODE_SIGN_IDENTITY[sdk=iphoneos*]" = "iPhone Developer";
				COPY_PHASE_STRIP = NO;
				DEBUG_INFORMATION_FORMAT = "dwarf-with-dsym";
				ENABLE_NS_ASSERTIONS = NO;
				ENABLE_STRICT_OBJC_MSGSEND = YES;
				GCC_C_LANGUAGE_STANDARD = gnu99;
				GCC_NO_COMMON_BLOCKS = YES;
				GCC_WARN_64_TO_32_BIT_CONVERSION = YES;
				GCC_WARN_ABOUT_RETURN_TYPE = YES_ERROR;
				GCC_WARN_UNDECLARED_SELECTOR = YES;
				GCC_WARN_UNINITIALIZED_AUTOS = YES_AGGRESSIVE;
				GCC_WARN_UNUSED_FUNCTION = YES;
				GCC_WARN_UNUSED_VARIABLE = YES;
				IPHONEOS_DEPLOYMENT_TARGET = 9.3;
				MTL_ENABLE_DEBUG_INFO = NO;
				SDKROOT = iphoneos;
				VALIDATE_PRODUCT = YES;
			};
			name = Release;
		};
		6C2525A71D63355100B87CD2 /* Debug */ = {
			isa = XCBuildConfiguration;
			buildSettings = {
				ASSETCATALOG_COMPILER_APPICON_NAME = AppIcon;
				INFOPLIST_FILE = "THE BUG/Info.plist";
				LD_RUNPATH_SEARCH_PATHS = "$(inherited) @executable_path/Frameworks";
				PRODUCT_BUNDLE_IDENTIFIER = "gareth.THE-BUG";
				PRODUCT_NAME = "$(TARGET_NAME)";
			};
			name = Debug;
		};
		6C2525A81D63355100B87CD2 /* Release */ = {
			isa = XCBuildConfiguration;
			buildSettings = {
				ASSETCATALOG_COMPILER_APPICON_NAME = AppIcon;
				INFOPLIST_FILE = "THE BUG/Info.plist";
				LD_RUNPATH_SEARCH_PATHS = "$(inherited) @executable_path/Frameworks";
				PRODUCT_BUNDLE_IDENTIFIER = "gareth.THE-BUG";
				PRODUCT_NAME = "$(TARGET_NAME)";
			};
			name = Release;
		};
/* End XCBuildConfiguration section */

/* Begin XCConfigurationList section */
		6C25258F1D63355100B87CD2 /* Build configuration list for PBXProject "THE BUG" */ = {
			isa = XCConfigurationList;
			buildConfigurations = (
				6C2525A41D63355100B87CD2 /* Debug */,
				6C2525A51D63355100B87CD2 /* Release */,
			);
			defaultConfigurationIsVisible = 0;
			defaultConfigurationName = Release;
		};
		6C2525A61D63355100B87CD2 /* Build configuration list for PBXNativeTarget "THE BUG" */ = {
			isa = XCConfigurationList;
			buildConfigurations = (
				6C2525A71D63355100B87CD2 /* Debug */,
				6C2525A81D63355100B87CD2 /* Release */,
			);
			defaultConfigurationIsVisible = 0;
		};
/* End XCConfigurationList section */
	};
	rootObject = 6C25258C1D63355100B87CD2 /* Project object */;
}
