// !$*UTF8*$!
{
	archiveVersion = 1;
	classes = {
	};
	objectVersion = 46;
	objects = {

/* Begin PBXBuildFile section */
		6C0906C01D6396330077DB38 /* PageController.swift in Sources */ = {isa = PBXBuildFile; fileRef = 6C0906BF1D6396330077DB38 /* PageController.swift */; };
		6CEF1F391D610D4A00A4AA95 /* AppDelegate.swift in Sources */ = {isa = PBXBuildFile; fileRef = 6CEF1F381D610D4A00A4AA95 /* AppDelegate.swift */; };
		6CEF1F3B1D610D4A00A4AA95 /* ViewController.swift in Sources */ = {isa = PBXBuildFile; fileRef = 6CEF1F3A1D610D4A00A4AA95 /* ViewController.swift */; };
		6CEF1F3E1D610D4A00A4AA95 /* Main.storyboard in Resources */ = {isa = PBXBuildFile; fileRef = 6CEF1F3C1D610D4A00A4AA95 /* Main.storyboard */; };
		6CEF1F401D610D4A00A4AA95 /* Assets.xcassets in Resources */ = {isa = PBXBuildFile; fileRef = 6CEF1F3F1D610D4A00A4AA95 /* Assets.xcassets */; };
		6CEF1F431D610D4A00A4AA95 /* LaunchScreen.storyboard in Resources */ = {isa = PBXBuildFile; fileRef = 6CEF1F411D610D4A00A4AA95 /* LaunchScreen.storyboard */; };
		6CF3B7351D61E13500DEBF87 /* InteractiveStory.swift in Sources */ = {isa = PBXBuildFile; fileRef = 6CF3B7341D61E13500DEBF87 /* InteractiveStory.swift */; };
		7F10B6FF1D69FF8D00880E2B /* HappyEnding.wav in Resources */ = {isa = PBXBuildFile; fileRef = 7F10B6FC1D69FF8D00880E2B /* HappyEnding.wav */; };
		7F10B7001D69FF8D00880E2B /* Ominous.wav in Resources */ = {isa = PBXBuildFile; fileRef = 7F10B6FD1D69FF8D00880E2B /* Ominous.wav */; };
		7F10B7011D69FF8D00880E2B /* PageTurn.wav in Resources */ = {isa = PBXBuildFile; fileRef = 7F10B6FE1D69FF8D00880E2B /* PageTurn.wav */; };
/* End PBXBuildFile section */

/* Begin PBXFileReference section */
		6C0906BF1D6396330077DB38 /* PageController.swift */ = {isa = PBXFileReference; fileEncoding = 4; lastKnownFileType = sourcecode.swift; name = PageController.swift; path = ../PageController.swift; sourceTree = "<group>"; };
		6CEF1F351D610D4A00A4AA95 /* InteractiveStory.app */ = {isa = PBXFileReference; explicitFileType = wrapper.application; includeInIndex = 0; path = InteractiveStory.app; sourceTree = BUILT_PRODUCTS_DIR; };
		6CEF1F381D610D4A00A4AA95 /* AppDelegate.swift */ = {isa = PBXFileReference; lastKnownFileType = sourcecode.swift; path = AppDelegate.swift; sourceTree = "<group>"; };
		6CEF1F3A1D610D4A00A4AA95 /* ViewController.swift */ = {isa = PBXFileReference; lastKnownFileType = sourcecode.swift; path = ViewController.swift; sourceTree = "<group>"; };
		6CEF1F3D1D610D4A00A4AA95 /* Base */ = {isa = PBXFileReference; lastKnownFileType = file.storyboard; name = Base; path = Base.lproj/Main.storyboard; sourceTree = "<group>"; };
		6CEF1F3F1D610D4A00A4AA95 /* Assets.xcassets */ = {isa = PBXFileReference; lastKnownFileType = folder.assetcatalog; path = Assets.xcassets; sourceTree = "<group>"; };
		6CEF1F421D610D4A00A4AA95 /* Base */ = {isa = PBXFileReference; lastKnownFileType = file.storyboard; name = Base; path = Base.lproj/LaunchScreen.storyboard; sourceTree = "<group>"; };
		6CEF1F441D610D4A00A4AA95 /* Info.plist */ = {isa = PBXFileReference; lastKnownFileType = text.plist.xml; path = Info.plist; sourceTree = "<group>"; };
		6CF3B7341D61E13500DEBF87 /* InteractiveStory.swift */ = {isa = PBXFileReference; fileEncoding = 4; lastKnownFileType = sourcecode.swift; path = InteractiveStory.swift; sourceTree = SOURCE_ROOT; };
		7F10B6FC1D69FF8D00880E2B /* HappyEnding.wav */ = {isa = PBXFileReference; lastKnownFileType = audio.wav; name = HappyEnding.wav; path = ../../../Downloads/Sounds/HappyEnding.wav; sourceTree = "<group>"; };
		7F10B6FD1D69FF8D00880E2B /* Ominous.wav */ = {isa = PBXFileReference; lastKnownFileType = audio.wav; name = Ominous.wav; path = ../../../Downloads/Sounds/Ominous.wav; sourceTree = "<group>"; };
		7F10B6FE1D69FF8D00880E2B /* PageTurn.wav */ = {isa = PBXFileReference; lastKnownFileType = audio.wav; name = PageTurn.wav; path = ../../../Downloads/Sounds/PageTurn.wav; sourceTree = "<group>"; };
/* End PBXFileReference section */

/* Begin PBXFrameworksBuildPhase section */
		6CEF1F321D610D4A00A4AA95 /* Frameworks */ = {
			isa = PBXFrameworksBuildPhase;
			buildActionMask = 2147483647;
			files = (
			);
			runOnlyForDeploymentPostprocessing = 0;
		};
/* End PBXFrameworksBuildPhase section */

/* Begin PBXGroup section */
		6CEF1F2C1D610D4A00A4AA95 = {
			isa = PBXGroup;
			children = (
				6CEF1F371D610D4A00A4AA95 /* InteractiveStory */,
				6CEF1F361D610D4A00A4AA95 /* Products */,
			);
			sourceTree = "<group>";
		};
		6CEF1F361D610D4A00A4AA95 /* Products */ = {
			isa = PBXGroup;
			children = (
				6CEF1F351D610D4A00A4AA95 /* InteractiveStory.app */,
			);
			name = Products;
			sourceTree = "<group>";
		};
		6CEF1F371D610D4A00A4AA95 /* InteractiveStory */ = {
			isa = PBXGroup;
			children = (
				6C0906BF1D6396330077DB38 /* PageController.swift */,
				6CF3B7341D61E13500DEBF87 /* InteractiveStory.swift */,
				6CEF1F381D610D4A00A4AA95 /* AppDelegate.swift */,
				6CEF1F3A1D610D4A00A4AA95 /* ViewController.swift */,
				6CEF1F3C1D610D4A00A4AA95 /* Main.storyboard */,
				6CEF1F3F1D610D4A00A4AA95 /* Assets.xcassets */,
				6CEF1F411D610D4A00A4AA95 /* LaunchScreen.storyboard */,
				6CEF1F441D610D4A00A4AA95 /* Info.plist */,
				7F10B6F91D69FF4F00880E2B /* Resources */,
			);
			path = InteractiveStory;
			sourceTree = "<group>";
		};
		7F10B6F91D69FF4F00880E2B /* Resources */ = {
			isa = PBXGroup;
			children = (
				7F10B6FC1D69FF8D00880E2B /* HappyEnding.wav */,
				7F10B6FD1D69FF8D00880E2B /* Ominous.wav */,
				7F10B6FE1D69FF8D00880E2B /* PageTurn.wav */,
			);
			name = Resources;
			path = ..;
			sourceTree = "<group>";
		};
/* End PBXGroup section */

/* Begin PBXNativeTarget section */
		6CEF1F341D610D4A00A4AA95 /* InteractiveStory */ = {
			isa = PBXNativeTarget;
			buildConfigurationList = 6CEF1F471D610D4A00A4AA95 /* Build configuration list for PBXNativeTarget "InteractiveStory" */;
			buildPhases = (
				6CEF1F311D610D4A00A4AA95 /* Sources */,
				6CEF1F321D610D4A00A4AA95 /* Frameworks */,
				6CEF1F331D610D4A00A4AA95 /* Resources */,
			);
			buildRules = (
			);
			dependencies = (
			);
			name = InteractiveStory;
			productName = InteractiveStory;
			productReference = 6CEF1F351D610D4A00A4AA95 /* InteractiveStory.app */;
			productType = "com.apple.product-type.application";
		};
/* End PBXNativeTarget section */

/* Begin PBXProject section */
		6CEF1F2D1D610D4A00A4AA95 /* Project object */ = {
			isa = PBXProject;
			attributes = {
				LastSwiftUpdateCheck = 0730;
				LastUpgradeCheck = 0730;
				ORGANIZATIONNAME = "Gareth Fuller";
				TargetAttributes = {
					6CEF1F341D610D4A00A4AA95 = {
						CreatedOnToolsVersion = 7.3.1;
						DevelopmentTeam = WMQYY9222D;
					};
				};
			};
			buildConfigurationList = 6CEF1F301D610D4A00A4AA95 /* Build configuration list for PBXProject "InteractiveStory" */;
			compatibilityVersion = "Xcode 3.2";
			developmentRegion = English;
			hasScannedForEncodings = 0;
			knownRegions = (
				en,
				Base,
			);
			mainGroup = 6CEF1F2C1D610D4A00A4AA95;
			productRefGroup = 6CEF1F361D610D4A00A4AA95 /* Products */;
			projectDirPath = "";
			projectRoot = "";
			targets = (
				6CEF1F341D610D4A00A4AA95 /* InteractiveStory */,
			);
		};
/* End PBXProject section */

/* Begin PBXResourcesBuildPhase section */
		6CEF1F331D610D4A00A4AA95 /* Resources */ = {
			isa = PBXResourcesBuildPhase;
			buildActionMask = 2147483647;
			files = (
				7F10B7001D69FF8D00880E2B /* Ominous.wav in Resources */,
				6CEF1F431D610D4A00A4AA95 /* LaunchScreen.storyboard in Resources */,
				6CEF1F401D610D4A00A4AA95 /* Assets.xcassets in Resources */,
				7F10B6FF1D69FF8D00880E2B /* HappyEnding.wav in Resources */,
				7F10B7011D69FF8D00880E2B /* PageTurn.wav in Resources */,
				6CEF1F3E1D610D4A00A4AA95 /* Main.storyboard in Resources */,
			);
			runOnlyForDeploymentPostprocessing = 0;
		};
/* End PBXResourcesBuildPhase section */

/* Begin PBXSourcesBuildPhase section */
		6CEF1F311D610D4A00A4AA95 /* Sources */ = {
			isa = PBXSourcesBuildPhase;
			buildActionMask = 2147483647;
			files = (
				6C0906C01D6396330077DB38 /* PageController.swift in Sources */,
				6CF3B7351D61E13500DEBF87 /* InteractiveStory.swift in Sources */,
				6CEF1F3B1D610D4A00A4AA95 /* ViewController.swift in Sources */,
				6CEF1F391D610D4A00A4AA95 /* AppDelegate.swift in Sources */,
			);
			runOnlyForDeploymentPostprocessing = 0;
		};
/* End PBXSourcesBuildPhase section */

/* Begin PBXVariantGroup section */
		6CEF1F3C1D610D4A00A4AA95 /* Main.storyboard */ = {
			isa = PBXVariantGroup;
			children = (
				6CEF1F3D1D610D4A00A4AA95 /* Base */,
			);
			name = Main.storyboard;
			sourceTree = "<group>";
		};
		6CEF1F411D610D4A00A4AA95 /* LaunchScreen.storyboard */ = {
			isa = PBXVariantGroup;
			children = (
				6CEF1F421D610D4A00A4AA95 /* Base */,
			);
			name = LaunchScreen.storyboard;
			sourceTree = "<group>";
		};
/* End PBXVariantGroup section */

/* Begin XCBuildConfiguration section */
		6CEF1F451D610D4A00A4AA95 /* Debug */ = {
			isa = XCBuildConfiguration;
			buildSettings = {
				ALWAYS_SEARCH_USER_PATHS = NO;
				CLANG_ANALYZER_NONNULL = YES;
				CLANG_CXX_LANGUAGE_STANDARD = "gnu++0x";
				CLANG_CXX_LIBRARY = "libc++";
				CLANG_ENABLE_MODULES = YES;
				CLANG_ENABLE_OBJC_ARC = YES;
				CLANG_WARN_BOOL_CONVERSION = YES;
				CLANG_WARN_CONSTANT_CONVERSION = YES;
				CLANG_WARN_DIRECT_OBJC_ISA_USAGE = YES_ERROR;
				CLANG_WARN_EMPTY_BODY = YES;
				CLANG_WARN_ENUM_CONVERSION = YES;
				CLANG_WARN_INT_CONVERSION = YES;
				CLANG_WARN_OBJC_ROOT_CLASS = YES_ERROR;
				CLANG_WARN_UNREACHABLE_CODE = YES;
				CLANG_WARN__DUPLICATE_METHOD_MATCH = YES;
				"CODE_SIGN_IDENTITY[sdk=iphoneos*]" = "iPhone Developer";
				COPY_PHASE_STRIP = NO;
				DEBUG_INFORMATION_FORMAT = dwarf;
				ENABLE_STRICT_OBJC_MSGSEND = YES;
				ENABLE_TESTABILITY = YES;
				GCC_C_LANGUAGE_STANDARD = gnu99;
				GCC_DYNAMIC_NO_PIC = NO;
				GCC_NO_COMMON_BLOCKS = YES;
				GCC_OPTIMIZATION_LEVEL = 0;
				GCC_PREPROCESSOR_DEFINITIONS = (
					"DEBUG=1",
					"$(inherited)",
				);
				GCC_WARN_64_TO_32_BIT_CONVERSION = YES;
				GCC_WARN_ABOUT_RETURN_TYPE = YES_ERROR;
				GCC_WARN_UNDECLARED_SELECTOR = YES;
				GCC_WARN_UNINITIALIZED_AUTOS = YES_AGGRESSIVE;
				GCC_WARN_UNUSED_FUNCTION = YES;
				GCC_WARN_UNUSED_VARIABLE = YES;
				IPHONEOS_DEPLOYMENT_TARGET = 9.3;
				MTL_ENABLE_DEBUG_INFO = YES;
				ONLY_ACTIVE_ARCH = YES;
				SDKROOT = iphoneos;
				SWIFT_OPTIMIZATION_LEVEL = "-Onone";
			};
			name = Debug;
		};
		6CEF1F461D610D4A00A4AA95 /* Release */ = {
			isa = XCBuildConfiguration;
			buildSettings = {
				ALWAYS_SEARCH_USER_PATHS = NO;
				CLANG_ANALYZER_NONNULL = YES;
				CLANG_CXX_LANGUAGE_STANDARD = "gnu++0x";
				CLANG_CXX_LIBRARY = "libc++";
				CLANG_ENABLE_MODULES = YES;
				CLANG_ENABLE_OBJC_ARC = YES;
				CLANG_WARN_BOOL_CONVERSION = YES;
				CLANG_WARN_CONSTANT_CONVERSION = YES;
				CLANG_WARN_DIRECT_OBJC_ISA_USAGE = YES_ERROR;
				CLANG_WARN_EMPTY_BODY = YES;
				CLANG_WARN_ENUM_CONVERSION = YES;
				CLANG_WARN_INT_CONVERSION = YES;
				CLANG_WARN_OBJC_ROOT_CLASS = YES_ERROR;
				CLANG_WARN_UNREACHABLE_CODE = YES;
				CLANG_WARN__DUPLICATE_METHOD_MATCH = YES;
				"CODE_SIGN_IDENTITY[sdk=iphoneos*]" = "iPhone Developer";
				COPY_PHASE_STRIP = NO;
				DEBUG_INFORMATION_FORMAT = "dwarf-with-dsym";
				ENABLE_NS_ASSERTIONS = NO;
				ENABLE_STRICT_OBJC_MSGSEND = YES;
				GCC_C_LANGUAGE_STANDARD = gnu99;
				GCC_NO_COMMON_BLOCKS = YES;
				GCC_WARN_64_TO_32_BIT_CONVERSION = YES;
				GCC_WARN_ABOUT_RETURN_TYPE = YES_ERROR;
				GCC_WARN_UNDECLARED_SELECTOR = YES;
				GCC_WARN_UNINITIALIZED_AUTOS = YES_AGGRESSIVE;
				GCC_WARN_UNUSED_FUNCTION = YES;
				GCC_WARN_UNUSED_VARIABLE = YES;
				IPHONEOS_DEPLOYMENT_TARGET = 9.3;
				MTL_ENABLE_DEBUG_INFO = NO;
				SDKROOT = iphoneos;
				VALIDATE_PRODUCT = YES;
			};
			name = Release;
		};
		6CEF1F481D610D4A00A4AA95 /* Debug */ = {
			isa = XCBuildConfiguration;
			buildSettings = {
				ASSETCATALOG_COMPILER_APPICON_NAME = AppIcon;
				CODE_SIGN_IDENTITY = "iPhone Developer";
				INFOPLIST_FILE = InteractiveStory/Info.plist;
				LD_RUNPATH_SEARCH_PATHS = "$(inherited) @executable_path/Frameworks";
				PRODUCT_BUNDLE_IDENTIFIER = gareth.InteractiveStory;
				PRODUCT_NAME = "$(TARGET_NAME)";
			};
			name = Debug;
		};
		6CEF1F491D610D4A00A4AA95 /* Release */ = {
			isa = XCBuildConfiguration;
			buildSettings = {
				ASSETCATALOG_COMPILER_APPICON_NAME = AppIcon;
				CODE_SIGN_IDENTITY = "iPhone Developer";
				INFOPLIST_FILE = InteractiveStory/Info.plist;
				LD_RUNPATH_SEARCH_PATHS = "$(inherited) @executable_path/Frameworks";
				PRODUCT_BUNDLE_IDENTIFIER = gareth.InteractiveStory;
				PRODUCT_NAME = "$(TARGET_NAME)";
			};
			name = Release;
		};
/* End XCBuildConfiguration section */

/* Begin XCConfigurationList section */
		6CEF1F301D610D4A00A4AA95 /* Build configuration list for PBXProject "InteractiveStory" */ = {
			isa = XCConfigurationList;
			buildConfigurations = (
				6CEF1F451D610D4A00A4AA95 /* Debug */,
				6CEF1F461D610D4A00A4AA95 /* Release */,
			);
			defaultConfigurationIsVisible = 0;
			defaultConfigurationName = Release;
		};
		6CEF1F471D610D4A00A4AA95 /* Build configuration list for PBXNativeTarget "InteractiveStory" */ = {
			isa = XCConfigurationList;
			buildConfigurations = (
				6CEF1F481D610D4A00A4AA95 /* Debug */,
				6CEF1F491D610D4A00A4AA95 /* Release */,
			);
			defaultConfigurationIsVisible = 0;
			defaultConfigurationName = Release;
		};
/* End XCConfigurationList section */
	};
	rootObject = 6CEF1F2D1D610D4A00A4AA95 /* Project object */;
}
